{
    "version": 3,
    "terraform_version": "0.11.7",
    "serial": 1,
    "lineage": "ac459e23-6b8c-faf7-4c94-f9327aa5aa4b",
    "modules": [
        {
            "path": [
                "root"
            ],
            "outputs": {
                "Bootstrap Host Public IP": {
                    "sensitive": false,
                    "type": "string",
                    "value": "54.67.63.46"
                },
                "Master ELB Public IP": {
                    "sensitive": false,
                    "type": "string",
                    "value": "gl-poc-tea-tf07e7-pub-mas-elb-2022525293.us-west-1.elb.amazonaws.com"
                },
                "Master Public IPs": {
                    "sensitive": false,
                    "type": "list",
                    "value": [
                        "54.193.42.16"
                    ]
                },
                "Private Agent Public IPs": {
                    "sensitive": false,
                    "type": "list",
                    "value": [
                        "54.67.16.78",
                        "52.53.236.114",
                        "54.183.229.175"
                    ]
                },
                "Public Agent ELB Public IP": {
                    "sensitive": false,
                    "type": "string",
                    "value": "gl-poc-tea-tf07e7-pub-agt-elb-1506421571.us-west-1.elb.amazonaws.com"
                },
                "Public Agent Public IPs": {
                    "sensitive": false,
                    "type": "list",
                    "value": [
                        "52.53.217.15"
                    ]
                },
                "agent_public_ips": {
                    "sensitive": false,
                    "type": "list",
                    "value": [
                        "54.67.16.78",
                        "52.53.236.114",
                        "54.183.229.175"
                    ]
                },
                "bootstrap_private_ips": {
                    "sensitive": false,
                    "type": "string",
                    "value": "10.0.0.51"
                },
                "bootstrap_public_ips": {
                    "sensitive": false,
                    "type": "string",
                    "value": "54.67.63.46"
                },
                "cluster_prefix": {
                    "sensitive": false,
                    "type": "string",
                    "value": "gl-poc-tea-tf07e7"
                },
                "dns_resolvers": {
                    "sensitive": false,
                    "type": "list",
                    "value": [
                        "169.254.169.253"
                    ]
                },
                "dns_search": {
                    "sensitive": false,
                    "type": "string",
                    "value": "us-west-1.compute.internal"
                },
                "ip_detect": {
                    "sensitive": false,
                    "type": "string",
                    "value": "aws"
                },
                "lb_external_agents": {
                    "sensitive": false,
                    "type": "string",
                    "value": "gl-poc-tea-tf07e7-pub-agt-elb-1506421571.us-west-1.elb.amazonaws.com"
                },
                "lb_external_masters": {
                    "sensitive": false,
                    "type": "string",
                    "value": "gl-poc-tea-tf07e7-pub-mas-elb-2022525293.us-west-1.elb.amazonaws.com"
                },
                "lb_internal_masters": {
                    "sensitive": false,
                    "type": "string",
                    "value": "internal-gl-poc-tea-tf07e7-int-master-elb-2083882448.us-west-1.elb.amazonaws.com"
                },
                "master_private_ips": {
                    "sensitive": false,
                    "type": "list",
                    "value": [
                        "10.0.0.178"
                    ]
                },
                "master_public_ips": {
                    "sensitive": false,
                    "type": "list",
                    "value": [
                        "54.193.42.16"
                    ]
                },
                "public_agent_public_ips": {
                    "sensitive": false,
                    "type": "list",
                    "value": [
                        "52.53.217.15"
                    ]
                },
                "ssh_user": {
                    "sensitive": false,
                    "type": "string",
                    "value": "centos"
                }
            },
            "resources": {
                "aws_elb.internal-master-elb": {
                    "type": "aws_elb",
                    "depends_on": [
                        "aws_instance.master.*",
                        "aws_security_group.master",
                        "aws_security_group.private_slave",
                        "aws_security_group.public_slave",
                        "aws_subnet.public",
                        "data.template_file.cluster-name"
                    ],
                    "primary": {
                        "id": "gl-poc-tea-tf07e7-int-master-elb",
                        "attributes": {
                            "access_logs.#": "0",
                            "arn": "arn:aws:elasticloadbalancing:us-west-1:627832013441:loadbalancer/gl-poc-tea-tf07e7-int-master-elb",
                            "availability_zones.#": "1",
                            "availability_zones.639279568": "us-west-1b",
                            "connection_draining": "false",
                            "connection_draining_timeout": "300",
                            "cross_zone_load_balancing": "true",
                            "dns_name": "internal-gl-poc-tea-tf07e7-int-master-elb-2083882448.us-west-1.elb.amazonaws.com",
                            "health_check.#": "1",
                            "health_check.0.healthy_threshold": "2",
                            "health_check.0.interval": "30",
                            "health_check.0.target": "TCP:5050",
                            "health_check.0.timeout": "5",
                            "health_check.0.unhealthy_threshold": "2",
                            "id": "gl-poc-tea-tf07e7-int-master-elb",
                            "idle_timeout": "60",
                            "instances.#": "1",
                            "instances.864723137": "i-07a2df9bca4e324f8",
                            "internal": "true",
                            "listener.#": "6",
                            "listener.1092403652.instance_port": "8080",
                            "listener.1092403652.instance_protocol": "http",
                            "listener.1092403652.lb_port": "8080",
                            "listener.1092403652.lb_protocol": "http",
                            "listener.1092403652.ssl_certificate_id": "",
                            "listener.2024497952.instance_port": "2181",
                            "listener.2024497952.instance_protocol": "tcp",
                            "listener.2024497952.lb_port": "2181",
                            "listener.2024497952.lb_protocol": "tcp",
                            "listener.2024497952.ssl_certificate_id": "",
                            "listener.2974294026.instance_port": "80",
                            "listener.2974294026.instance_protocol": "tcp",
                            "listener.2974294026.lb_port": "80",
                            "listener.2974294026.lb_protocol": "tcp",
                            "listener.2974294026.ssl_certificate_id": "",
                            "listener.3829233144.instance_port": "5050",
                            "listener.3829233144.instance_protocol": "http",
                            "listener.3829233144.lb_port": "5050",
                            "listener.3829233144.lb_protocol": "http",
                            "listener.3829233144.ssl_certificate_id": "",
                            "listener.3896584131.instance_port": "8181",
                            "listener.3896584131.instance_protocol": "http",
                            "listener.3896584131.lb_port": "8181",
                            "listener.3896584131.lb_protocol": "http",
                            "listener.3896584131.ssl_certificate_id": "",
                            "listener.610193557.instance_port": "443",
                            "listener.610193557.instance_protocol": "tcp",
                            "listener.610193557.lb_port": "443",
                            "listener.610193557.lb_protocol": "tcp",
                            "listener.610193557.ssl_certificate_id": "",
                            "name": "gl-poc-tea-tf07e7-int-master-elb",
                            "security_groups.#": "3",
                            "security_groups.201140598": "sg-0e49730e81cfad476",
                            "security_groups.3549902255": "sg-0e7a54c9d537c05c1",
                            "security_groups.4194645384": "sg-08c7c4842df4d2776",
                            "source_security_group": "627832013441/master-security-group",
                            "source_security_group_id": "sg-08c7c4842df4d2776",
                            "subnets.#": "1",
                            "subnets.2155138220": "subnet-0d445f8c70a0561f3",
                            "tags.%": "0",
                            "zone_id": "Z368ELLRRE2KJ0"
                        },
                        "meta": {},
                        "tainted": false
                    },
                    "deposed": [],
                    "provider": "provider.aws"
                },
                "aws_elb.public-agent-elb": {
                    "type": "aws_elb",
                    "depends_on": [
                        "aws_instance.public-agent.*",
                        "aws_security_group.http-https",
                        "aws_security_group.public_slave",
                        "aws_subnet.public",
                        "data.template_file.cluster-name"
                    ],
                    "primary": {
                        "id": "gl-poc-tea-tf07e7-pub-agt-elb",
                        "attributes": {
                            "access_logs.#": "0",
                            "arn": "arn:aws:elasticloadbalancing:us-west-1:627832013441:loadbalancer/gl-poc-tea-tf07e7-pub-agt-elb",
                            "availability_zones.#": "1",
                            "availability_zones.639279568": "us-west-1b",
                            "connection_draining": "false",
                            "connection_draining_timeout": "300",
                            "cross_zone_load_balancing": "true",
                            "dns_name": "gl-poc-tea-tf07e7-pub-agt-elb-1506421571.us-west-1.elb.amazonaws.com",
                            "health_check.#": "1",
                            "health_check.0.healthy_threshold": "2",
                            "health_check.0.interval": "5",
                            "health_check.0.target": "HTTP:9090/_haproxy_health_check",
                            "health_check.0.timeout": "2",
                            "health_check.0.unhealthy_threshold": "2",
                            "id": "gl-poc-tea-tf07e7-pub-agt-elb",
                            "idle_timeout": "60",
                            "instances.#": "1",
                            "instances.1327273853": "i-0f1f18937ad401874",
                            "internal": "false",
                            "listener.#": "2",
                            "listener.2974294026.instance_port": "80",
                            "listener.2974294026.instance_protocol": "tcp",
                            "listener.2974294026.lb_port": "80",
                            "listener.2974294026.lb_protocol": "tcp",
                            "listener.2974294026.ssl_certificate_id": "",
                            "listener.610193557.instance_port": "443",
                            "listener.610193557.instance_protocol": "tcp",
                            "listener.610193557.lb_port": "443",
                            "listener.610193557.lb_protocol": "tcp",
                            "listener.610193557.ssl_certificate_id": "",
                            "name": "gl-poc-tea-tf07e7-pub-agt-elb",
                            "security_groups.#": "2",
                            "security_groups.201140598": "sg-0e49730e81cfad476",
                            "security_groups.3591876375": "sg-08d6deac14aefe6a2",
                            "source_security_group": "627832013441/http-https-security-group",
                            "source_security_group_id": "sg-08d6deac14aefe6a2",
                            "subnets.#": "1",
                            "subnets.2155138220": "subnet-0d445f8c70a0561f3",
                            "tags.%": "0",
                            "zone_id": "Z368ELLRRE2KJ0"
                        },
                        "meta": {},
                        "tainted": false
                    },
                    "deposed": [],
                    "provider": "provider.aws"
                },
                "aws_elb.public-master-elb": {
                    "type": "aws_elb",
                    "depends_on": [
                        "aws_instance.master.*",
                        "aws_security_group.http-https",
                        "aws_security_group.internet-outbound",
                        "aws_security_group.master",
                        "aws_subnet.public",
                        "data.template_file.cluster-name"
                    ],
                    "primary": {
                        "id": "gl-poc-tea-tf07e7-pub-mas-elb",
                        "attributes": {
                            "access_logs.#": "0",
                            "arn": "arn:aws:elasticloadbalancing:us-west-1:627832013441:loadbalancer/gl-poc-tea-tf07e7-pub-mas-elb",
                            "availability_zones.#": "1",
                            "availability_zones.639279568": "us-west-1b",
                            "connection_draining": "false",
                            "connection_draining_timeout": "300",
                            "cross_zone_load_balancing": "true",
                            "dns_name": "gl-poc-tea-tf07e7-pub-mas-elb-2022525293.us-west-1.elb.amazonaws.com",
                            "health_check.#": "1",
                            "health_check.0.healthy_threshold": "2",
                            "health_check.0.interval": "30",
                            "health_check.0.target": "TCP:5050",
                            "health_check.0.timeout": "5",
                            "health_check.0.unhealthy_threshold": "2",
                            "id": "gl-poc-tea-tf07e7-pub-mas-elb",
                            "idle_timeout": "60",
                            "instances.#": "1",
                            "instances.864723137": "i-07a2df9bca4e324f8",
                            "internal": "false",
                            "listener.#": "2",
                            "listener.2974294026.instance_port": "80",
                            "listener.2974294026.instance_protocol": "tcp",
                            "listener.2974294026.lb_port": "80",
                            "listener.2974294026.lb_protocol": "tcp",
                            "listener.2974294026.ssl_certificate_id": "",
                            "listener.610193557.instance_port": "443",
                            "listener.610193557.instance_protocol": "tcp",
                            "listener.610193557.lb_port": "443",
                            "listener.610193557.lb_protocol": "tcp",
                            "listener.610193557.ssl_certificate_id": "",
                            "name": "gl-poc-tea-tf07e7-pub-mas-elb",
                            "security_groups.#": "3",
                            "security_groups.2737032199": "sg-08602230ce74265af",
                            "security_groups.3591876375": "sg-08d6deac14aefe6a2",
                            "security_groups.4194645384": "sg-08c7c4842df4d2776",
                            "source_security_group": "627832013441/http-https-security-group",
                            "source_security_group_id": "sg-08d6deac14aefe6a2",
                            "subnets.#": "1",
                            "subnets.2155138220": "subnet-0d445f8c70a0561f3",
                            "tags.%": "0",
                            "zone_id": "Z368ELLRRE2KJ0"
                        },
                        "meta": {},
                        "tainted": false
                    },
                    "deposed": [],
                    "provider": "provider.aws"
                },
                "aws_elb_attachment.internal-master-elb": {
                    "type": "aws_elb_attachment",
                    "depends_on": [
                        "aws_elb.internal-master-elb",
                        "aws_instance.master.*"
                    ],
                    "primary": {
                        "id": "gl-poc-tea-tf07e7-int-master-elb-20180727144841442500000003",
                        "attributes": {
                            "elb": "gl-poc-tea-tf07e7-int-master-elb",
                            "id": "gl-poc-tea-tf07e7-int-master-elb-20180727144841442500000003",
                            "instance": "i-07a2df9bca4e324f8"
                        },
                        "meta": {},
                        "tainted": false
                    },
                    "deposed": [],
                    "provider": "provider.aws"
                },
                "aws_elb_attachment.public-agent-elb": {
                    "type": "aws_elb_attachment",
                    "depends_on": [
                        "aws_elb.public-agent-elb",
                        "aws_instance.public-agent.*"
                    ],
                    "primary": {
                        "id": "gl-poc-tea-tf07e7-pub-agt-elb-20180727144839472300000001",
                        "attributes": {
                            "elb": "gl-poc-tea-tf07e7-pub-agt-elb",
                            "id": "gl-poc-tea-tf07e7-pub-agt-elb-20180727144839472300000001",
                            "instance": "i-0f1f18937ad401874"
                        },
                        "meta": {},
                        "tainted": false
                    },
                    "deposed": [],
                    "provider": "provider.aws"
                },
                "aws_elb_attachment.public-master-elb": {
                    "type": "aws_elb_attachment",
                    "depends_on": [
                        "aws_elb.public-master-elb",
                        "aws_instance.master.*"
                    ],
                    "primary": {
                        "id": "gl-poc-tea-tf07e7-pub-mas-elb-20180727144841439200000002",
                        "attributes": {
                            "elb": "gl-poc-tea-tf07e7-pub-mas-elb",
                            "id": "gl-poc-tea-tf07e7-pub-mas-elb-20180727144841439200000002",
                            "instance": "i-07a2df9bca4e324f8"
                        },
                        "meta": {},
                        "tainted": false
                    },
                    "deposed": [],
                    "provider": "provider.aws"
                },
                "aws_iam_instance_profile.agent": {
                    "type": "aws_iam_instance_profile",
                    "depends_on": [
                        "aws_iam_role.agent",
                        "data.external.whoami",
                        "data.template_file.cluster_uuid"
                    ],
                    "primary": {
                        "id": "gl-poc-team_tf07e7_agent_instance_profile",
                        "attributes": {
                            "arn": "arn:aws:iam::627832013441:instance-profile/gl-poc-team_tf07e7_agent_instance_profile",
                            "create_date": "2018-07-27T14:44:01Z",
                            "id": "gl-poc-team_tf07e7_agent_instance_profile",
                            "name": "gl-poc-team_tf07e7_agent_instance_profile",
                            "path": "/",
                            "role": "gl-poc-team_tf07e7_agent_iam_role",
                            "roles.#": "0",
                            "unique_id": "AIPAJD425ZXCHWRZ2YJ4S"
                        },
                        "meta": {},
                        "tainted": false
                    },
                    "deposed": [],
                    "provider": "provider.aws"
                },
                "aws_iam_instance_profile.master": {
                    "type": "aws_iam_instance_profile",
                    "depends_on": [
                        "aws_iam_role.master",
                        "data.external.whoami",
                        "data.template_file.cluster_uuid"
                    ],
                    "primary": {
                        "id": "gl-poc-team_tf07e7_master_instance_profile",
                        "attributes": {
                            "arn": "arn:aws:iam::627832013441:instance-profile/gl-poc-team_tf07e7_master_instance_profile",
                            "create_date": "2018-07-27T14:44:01Z",
                            "id": "gl-poc-team_tf07e7_master_instance_profile",
                            "name": "gl-poc-team_tf07e7_master_instance_profile",
                            "path": "/",
                            "role": "gl-poc-team_tf07e7_master_iam_role",
                            "roles.#": "0",
                            "unique_id": "AIPAINQDT3GDZIUFG4QYG"
                        },
                        "meta": {},
                        "tainted": false
                    },
                    "deposed": [],
                    "provider": "provider.aws"
                },
                "aws_iam_role.agent": {
                    "type": "aws_iam_role",
                    "depends_on": [
                        "data.external.whoami",
                        "data.template_file.cluster_uuid"
                    ],
                    "primary": {
                        "id": "gl-poc-team_tf07e7_agent_iam_role",
                        "attributes": {
                            "arn": "arn:aws:iam::627832013441:role/gl-poc-team_tf07e7_agent_iam_role",
                            "assume_role_policy": "{\"Version\":\"2012-10-17\",\"Statement\":[{\"Effect\":\"Allow\",\"Principal\":{\"Service\":\"ec2.amazonaws.com\"},\"Action\":\"sts:AssumeRole\"}]}",
                            "create_date": "2018-07-27T14:44:00Z",
                            "force_detach_policies": "false",
                            "id": "gl-poc-team_tf07e7_agent_iam_role",
                            "max_session_duration": "3600",
                            "name": "gl-poc-team_tf07e7_agent_iam_role",
                            "path": "/",
                            "unique_id": "AROAIBAD7DPEUKVKJTJH4"
                        },
                        "meta": {},
                        "tainted": false
                    },
                    "deposed": [],
                    "provider": "provider.aws"
                },
                "aws_iam_role.master": {
                    "type": "aws_iam_role",
                    "depends_on": [
                        "data.external.whoami",
                        "data.template_file.cluster_uuid"
                    ],
                    "primary": {
                        "id": "gl-poc-team_tf07e7_master_iam_role",
                        "attributes": {
                            "arn": "arn:aws:iam::627832013441:role/gl-poc-team_tf07e7_master_iam_role",
                            "assume_role_policy": "{\"Version\":\"2012-10-17\",\"Statement\":[{\"Effect\":\"Allow\",\"Principal\":{\"Service\":\"ec2.amazonaws.com\"},\"Action\":\"sts:AssumeRole\"}]}",
                            "create_date": "2018-07-27T14:43:59Z",
                            "force_detach_policies": "false",
                            "id": "gl-poc-team_tf07e7_master_iam_role",
                            "max_session_duration": "3600",
                            "name": "gl-poc-team_tf07e7_master_iam_role",
                            "path": "/",
                            "unique_id": "AROAJX2CI2UX5WULF6ZDS"
                        },
                        "meta": {},
                        "tainted": false
                    },
                    "deposed": [],
                    "provider": "provider.aws"
                },
                "aws_iam_role_policy.agent": {
                    "type": "aws_iam_role_policy",
                    "depends_on": [
                        "aws_iam_role.agent",
                        "data.external.whoami",
                        "data.template_file.cluster_uuid"
                    ],
                    "primary": {
                        "id": "gl-poc-team_tf07e7_agent_iam_role:gl-poc-team_tf07e7_agent_iam_role_policy",
                        "attributes": {
                            "id": "gl-poc-team_tf07e7_agent_iam_role:gl-poc-team_tf07e7_agent_iam_role_policy",
                            "name": "gl-poc-team_tf07e7_agent_iam_role_policy",
                            "policy": "{\n  \"Version\": \"2012-10-17\",\n  \"Statement\": [\n    {\n      \"Effect\": \"Allow\",\n      \"Action\": [\n          \"ec2:CreateTags\",\n          \"ec2:DescribeInstances\",\n          \"ec2:CreateVolume\",\n          \"ec2:DeleteVolume\",\n          \"ec2:AttachVolume\",\n          \"ec2:DetachVolume\",\n          \"ec2:DescribeVolumes\",\n          \"ec2:DescribeVolumeStatus\",\n          \"ec2:DescribeVolumeAttribute\",\n          \"ec2:CreateSnapshot\",\n          \"ec2:CopySnapshot\",\n          \"ec2:DeleteSnapshot\",\n          \"ec2:DescribeSnapshots\",\n          \"ec2:DescribeSnapshotAttribute\",\n          \"ec2:AuthorizeSecurityGroupIngress\",\n          \"ec2:CreateRoute\",\n          \"ec2:CreateSecurityGroup\",\n          \"ec2:DeleteSecurityGroup\",\n          \"ec2:DeleteRoute\",\n          \"ec2:DescribeRouteTables\",\n          \"ec2:DescribeSubnets\",\n          \"ec2:DescribeSecurityGroups\",\n          \"ec2:ModifyInstanceAttribute\",\n          \"ec2:RevokeSecurityGroupIngress\",\n          \"elasticloadbalancing:AttachLoadBalancerToSubnets\",\n          \"elasticloadbalancing:ApplySecurityGroupsToLoadBalancer\",\n          \"elasticloadbalancing:CreateLoadBalancer\",\n          \"elasticloadbalancing:CreateLoadBalancerPolicy\",\n          \"elasticloadbalancing:CreateLoadBalancerListeners\",\n          \"elasticloadbalancing:ConfigureHealthCheck\",\n          \"elasticloadbalancing:DeleteLoadBalancer\",\n          \"elasticloadbalancing:DeleteLoadBalancerListeners\",\n          \"elasticloadbalancing:DescribeLoadBalancers\",\n          \"elasticloadbalancing:DescribeLoadBalancerAttributes\",\n          \"elasticloadbalancing:DetachLoadBalancerFromSubnets\",\n          \"elasticloadbalancing:DeregisterInstancesFromLoadBalancer\",\n          \"elasticloadbalancing:ModifyLoadBalancerAttributes\",\n          \"elasticloadbalancing:RegisterInstancesWithLoadBalancer\",\n          \"elasticloadbalancing:SetLoadBalancerPoliciesForBackendServer\"\n      ],\n      \"Resource\": \"*\"\n    }\n  ]\n}\n",
                            "role": "gl-poc-team_tf07e7_agent_iam_role"
                        },
                        "meta": {},
                        "tainted": false
                    },
                    "deposed": [],
                    "provider": "provider.aws"
                },
                "aws_iam_role_policy.master": {
                    "type": "aws_iam_role_policy",
                    "depends_on": [
                        "aws_iam_role.master",
                        "data.external.whoami",
                        "data.template_file.cluster_uuid"
                    ],
                    "primary": {
                        "id": "gl-poc-team_tf07e7_master_iam_role:gl-poc-team_tf07e7_master_iam_role_policy",
                        "attributes": {
                            "id": "gl-poc-team_tf07e7_master_iam_role:gl-poc-team_tf07e7_master_iam_role_policy",
                            "name": "gl-poc-team_tf07e7_master_iam_role_policy",
                            "policy": "{\n  \"Version\": \"2012-10-17\",\n  \"Statement\": [\n   {\n     \"Action\": [\n       \"s3:AbortMultipartUpload\",\n       \"s3:DeleteObject\",\n       \"s3:GetBucketAcl\",\n       \"s3:GetBucketPolicy\",\n       \"s3:GetObject\",\n       \"s3:GetObjectAcl\",\n       \"s3:ListBucket\",\n       \"s3:ListBucketMultipartUploads\",\n       \"s3:ListMultipartUploadParts\",\n       \"s3:PutObject\",\n       \"s3:PutObjectAcl\"\n     ],\n     \"Resource\": \"*\",\n     \"Effect\": \"Allow\"\n   }\n  ]\n}\n",
                            "role": "gl-poc-team_tf07e7_master_iam_role"
                        },
                        "meta": {},
                        "tainted": false
                    },
                    "deposed": [],
                    "provider": "provider.aws"
                },
                "aws_instance.agent.0": {
                    "type": "aws_instance",
                    "depends_on": [
                        "aws_iam_instance_profile.agent",
                        "aws_security_group.any_access_internal",
                        "aws_security_group.internet-outbound",
                        "aws_security_group.private_slave",
                        "aws_security_group.ssh",
                        "aws_subnet.private",
                        "data.external.whoami",
                        "data.template_file.cluster-name",
                        "local.agent",
                        "local.private_key",
                        "module.aws-tested-oses"
                    ],
                    "primary": {
                        "id": "i-0b3d2dbaa37526cff",
                        "attributes": {
                            "ami": "ami-b1a59fd1",
                            "associate_public_ip_address": "true",
                            "availability_zone": "us-west-1b",
                            "cpu_core_count": "2",
                            "cpu_threads_per_core": "2",
                            "credit_specification.#": "1",
                            "credit_specification.0.cpu_credits": "standard",
                            "disable_api_termination": "false",
                            "ebs_block_device.#": "0",
                            "ebs_optimized": "true",
                            "ephemeral_block_device.#": "0",
                            "get_password_data": "false",
                            "iam_instance_profile": "gl-poc-team_tf07e7_agent_instance_profile",
                            "id": "i-0b3d2dbaa37526cff",
                            "instance_state": "running",
                            "instance_type": "m5.xlarge",
                            "ipv6_addresses.#": "0",
                            "key_name": "gl_poc",
                            "monitoring": "false",
                            "network_interface.#": "0",
                            "network_interface_id": "eni-094add630c1f32059",
                            "password_data": "",
                            "placement_group": "",
                            "primary_network_interface_id": "eni-094add630c1f32059",
                            "private_dns": "ip-10-0-7-188.us-west-1.compute.internal",
                            "private_ip": "10.0.7.188",
                            "public_dns": "ec2-54-67-16-78.us-west-1.compute.amazonaws.com",
                            "public_ip": "54.67.16.78",
                            "root_block_device.#": "1",
                            "root_block_device.0.delete_on_termination": "true",
                            "root_block_device.0.iops": "0",
                            "root_block_device.0.volume_id": "vol-0668e3c1a6f2d8fe5",
                            "root_block_device.0.volume_size": "60",
                            "root_block_device.0.volume_type": "standard",
                            "security_groups.#": "0",
                            "source_dest_check": "true",
                            "subnet_id": "subnet-085be066ecd5336f8",
                            "tags.%": "6",
                            "tags.KubernetesCluster": "kubernetes-cluster",
                            "tags.Name": "gl-poc-tea-tf07e7-pvtagt-1",
                            "tags.cluster": "gl-poc-tea-tf07e7",
                            "tags.expiration": "1h",
                            "tags.necessity_of_running": "true",
                            "tags.owner": "gl-poc-team",
                            "tenancy": "default",
                            "volume_tags.%": "0",
                            "vpc_security_group_ids.#": "4",
                            "vpc_security_group_ids.180255859": "sg-0bb7675c0403d99ea",
                            "vpc_security_group_ids.2737032199": "sg-08602230ce74265af",
                            "vpc_security_group_ids.3444972803": "sg-01e4726d89de79f5d",
                            "vpc_security_group_ids.3549902255": "sg-0e7a54c9d537c05c1"
                        },
                        "meta": {
                            "e2bfb730-ecaa-11e6-8f88-34363bc7c4c0": {
                                "create": 600000000000,
                                "delete": 1200000000000,
                                "update": 600000000000
                            },
                            "schema_version": "1"
                        },
                        "tainted": false
                    },
                    "deposed": [],
                    "provider": "provider.aws"
                },
                "aws_instance.agent.1": {
                    "type": "aws_instance",
                    "depends_on": [
                        "aws_iam_instance_profile.agent",
                        "aws_security_group.any_access_internal",
                        "aws_security_group.internet-outbound",
                        "aws_security_group.private_slave",
                        "aws_security_group.ssh",
                        "aws_subnet.private",
                        "data.external.whoami",
                        "data.template_file.cluster-name",
                        "local.agent",
                        "local.private_key",
                        "module.aws-tested-oses"
                    ],
                    "primary": {
                        "id": "i-0b26ac9f3a7b5f519",
                        "attributes": {
                            "ami": "ami-b1a59fd1",
                            "associate_public_ip_address": "true",
                            "availability_zone": "us-west-1b",
                            "cpu_core_count": "2",
                            "cpu_threads_per_core": "2",
                            "credit_specification.#": "1",
                            "credit_specification.0.cpu_credits": "standard",
                            "disable_api_termination": "false",
                            "ebs_block_device.#": "0",
                            "ebs_optimized": "true",
                            "ephemeral_block_device.#": "0",
                            "get_password_data": "false",
                            "iam_instance_profile": "gl-poc-team_tf07e7_agent_instance_profile",
                            "id": "i-0b26ac9f3a7b5f519",
                            "instance_state": "running",
                            "instance_type": "m5.xlarge",
                            "ipv6_addresses.#": "0",
                            "key_name": "gl_poc",
                            "monitoring": "false",
                            "network_interface.#": "0",
                            "network_interface_id": "eni-004a3451d1591a2b2",
                            "password_data": "",
                            "placement_group": "",
                            "primary_network_interface_id": "eni-004a3451d1591a2b2",
                            "private_dns": "ip-10-0-7-138.us-west-1.compute.internal",
                            "private_ip": "10.0.7.138",
                            "public_dns": "ec2-52-53-236-114.us-west-1.compute.amazonaws.com",
                            "public_ip": "52.53.236.114",
                            "root_block_device.#": "1",
                            "root_block_device.0.delete_on_termination": "true",
                            "root_block_device.0.iops": "0",
                            "root_block_device.0.volume_id": "vol-0b2e99aee7af825fe",
                            "root_block_device.0.volume_size": "60",
                            "root_block_device.0.volume_type": "standard",
                            "security_groups.#": "0",
                            "source_dest_check": "true",
                            "subnet_id": "subnet-085be066ecd5336f8",
                            "tags.%": "6",
                            "tags.KubernetesCluster": "kubernetes-cluster",
                            "tags.Name": "gl-poc-tea-tf07e7-pvtagt-2",
                            "tags.cluster": "gl-poc-tea-tf07e7",
                            "tags.expiration": "1h",
                            "tags.necessity_of_running": "true",
                            "tags.owner": "gl-poc-team",
                            "tenancy": "default",
                            "volume_tags.%": "0",
                            "vpc_security_group_ids.#": "4",
                            "vpc_security_group_ids.180255859": "sg-0bb7675c0403d99ea",
                            "vpc_security_group_ids.2737032199": "sg-08602230ce74265af",
                            "vpc_security_group_ids.3444972803": "sg-01e4726d89de79f5d",
                            "vpc_security_group_ids.3549902255": "sg-0e7a54c9d537c05c1"
                        },
                        "meta": {
                            "e2bfb730-ecaa-11e6-8f88-34363bc7c4c0": {
                                "create": 600000000000,
                                "delete": 1200000000000,
                                "update": 600000000000
                            },
                            "schema_version": "1"
                        },
                        "tainted": false
                    },
                    "deposed": [],
                    "provider": "provider.aws"
                },
                "aws_instance.agent.2": {
                    "type": "aws_instance",
                    "depends_on": [
                        "aws_iam_instance_profile.agent",
                        "aws_security_group.any_access_internal",
                        "aws_security_group.internet-outbound",
                        "aws_security_group.private_slave",
                        "aws_security_group.ssh",
                        "aws_subnet.private",
                        "data.external.whoami",
                        "data.template_file.cluster-name",
                        "local.agent",
                        "local.private_key",
                        "module.aws-tested-oses"
                    ],
                    "primary": {
                        "id": "i-0bfa1e65e0256afb5",
                        "attributes": {
                            "ami": "ami-b1a59fd1",
                            "associate_public_ip_address": "true",
                            "availability_zone": "us-west-1b",
                            "cpu_core_count": "2",
                            "cpu_threads_per_core": "2",
                            "credit_specification.#": "1",
                            "credit_specification.0.cpu_credits": "standard",
                            "disable_api_termination": "false",
                            "ebs_block_device.#": "0",
                            "ebs_optimized": "true",
                            "ephemeral_block_device.#": "0",
                            "get_password_data": "false",
                            "iam_instance_profile": "gl-poc-team_tf07e7_agent_instance_profile",
                            "id": "i-0bfa1e65e0256afb5",
                            "instance_state": "running",
                            "instance_type": "m5.xlarge",
                            "ipv6_addresses.#": "0",
                            "key_name": "gl_poc",
                            "monitoring": "false",
                            "network_interface.#": "0",
                            "network_interface_id": "eni-044bda50077d6d667",
                            "password_data": "",
                            "placement_group": "",
                            "primary_network_interface_id": "eni-044bda50077d6d667",
                            "private_dns": "ip-10-0-5-194.us-west-1.compute.internal",
                            "private_ip": "10.0.5.194",
                            "public_dns": "ec2-54-183-229-175.us-west-1.compute.amazonaws.com",
                            "public_ip": "54.183.229.175",
                            "root_block_device.#": "1",
                            "root_block_device.0.delete_on_termination": "true",
                            "root_block_device.0.iops": "0",
                            "root_block_device.0.volume_id": "vol-0a5109489700cf69d",
                            "root_block_device.0.volume_size": "60",
                            "root_block_device.0.volume_type": "standard",
                            "security_groups.#": "0",
                            "source_dest_check": "true",
                            "subnet_id": "subnet-085be066ecd5336f8",
                            "tags.%": "6",
                            "tags.KubernetesCluster": "kubernetes-cluster",
                            "tags.Name": "gl-poc-tea-tf07e7-pvtagt-3",
                            "tags.cluster": "gl-poc-tea-tf07e7",
                            "tags.expiration": "1h",
                            "tags.necessity_of_running": "true",
                            "tags.owner": "gl-poc-team",
                            "tenancy": "default",
                            "volume_tags.%": "0",
                            "vpc_security_group_ids.#": "4",
                            "vpc_security_group_ids.180255859": "sg-0bb7675c0403d99ea",
                            "vpc_security_group_ids.2737032199": "sg-08602230ce74265af",
                            "vpc_security_group_ids.3444972803": "sg-01e4726d89de79f5d",
                            "vpc_security_group_ids.3549902255": "sg-0e7a54c9d537c05c1"
                        },
                        "meta": {
                            "e2bfb730-ecaa-11e6-8f88-34363bc7c4c0": {
                                "create": 600000000000,
                                "delete": 1200000000000,
                                "update": 600000000000
                            },
                            "schema_version": "1"
                        },
                        "tainted": false
                    },
                    "deposed": [],
                    "provider": "provider.aws"
                },
                "aws_instance.bootstrap": {
                    "type": "aws_instance",
                    "depends_on": [
                        "aws_security_group.any_access_internal",
                        "aws_security_group.internet-outbound",
                        "aws_security_group.ssh",
                        "aws_subnet.public",
                        "data.external.whoami",
                        "data.template_file.cluster-name",
                        "local.agent",
                        "local.private_key",
                        "module.aws-tested-oses"
                    ],
                    "primary": {
                        "id": "i-07b5211cd7d66dffe",
                        "attributes": {
                            "ami": "ami-b1a59fd1",
                            "associate_public_ip_address": "true",
                            "availability_zone": "us-west-1b",
                            "cpu_core_count": "1",
                            "cpu_threads_per_core": "2",
                            "credit_specification.#": "1",
                            "credit_specification.0.cpu_credits": "standard",
                            "disable_api_termination": "false",
                            "ebs_block_device.#": "0",
                            "ebs_optimized": "false",
                            "ephemeral_block_device.#": "0",
                            "get_password_data": "false",
                            "iam_instance_profile": "",
                            "id": "i-07b5211cd7d66dffe",
                            "instance_state": "running",
                            "instance_type": "m5.large",
                            "ipv6_addresses.#": "0",
                            "key_name": "gl_poc",
                            "monitoring": "false",
                            "network_interface.#": "0",
                            "network_interface_id": "eni-0829e41d7c2f1ac4e",
                            "password_data": "",
                            "placement_group": "",
                            "primary_network_interface_id": "eni-0829e41d7c2f1ac4e",
                            "private_dns": "ip-10-0-0-51.us-west-1.compute.internal",
                            "private_ip": "10.0.0.51",
                            "public_dns": "ec2-54-67-63-46.us-west-1.compute.amazonaws.com",
                            "public_ip": "54.67.63.46",
                            "root_block_device.#": "1",
                            "root_block_device.0.delete_on_termination": "true",
                            "root_block_device.0.iops": "0",
                            "root_block_device.0.volume_id": "vol-0874c7ee9708c75fc",
                            "root_block_device.0.volume_size": "60",
                            "root_block_device.0.volume_type": "standard",
                            "security_groups.#": "0",
                            "source_dest_check": "true",
                            "subnet_id": "subnet-0d445f8c70a0561f3",
                            "tags.%": "5",
                            "tags.Name": "gl-poc-tea-tf07e7-bootstrap",
                            "tags.cluster": "gl-poc-tea-tf07e7",
                            "tags.expiration": "1h",
                            "tags.necessity_of_running": "false",
                            "tags.owner": "gl-poc-team",
                            "tenancy": "default",
                            "volume_tags.%": "0",
                            "vpc_security_group_ids.#": "3",
                            "vpc_security_group_ids.180255859": "sg-0bb7675c0403d99ea",
                            "vpc_security_group_ids.2737032199": "sg-08602230ce74265af",
                            "vpc_security_group_ids.3444972803": "sg-01e4726d89de79f5d"
                        },
                        "meta": {
                            "e2bfb730-ecaa-11e6-8f88-34363bc7c4c0": {
                                "create": 600000000000,
                                "delete": 1200000000000,
                                "update": 600000000000
                            },
                            "schema_version": "1"
                        },
                        "tainted": false
                    },
                    "deposed": [],
                    "provider": "provider.aws"
                },
                "aws_instance.master": {
                    "type": "aws_instance",
                    "depends_on": [
                        "aws_iam_instance_profile.master",
                        "aws_security_group.any_access_internal",
                        "aws_security_group.http-https",
                        "aws_security_group.internet-outbound",
                        "aws_security_group.ssh",
                        "aws_subnet.public",
                        "data.external.whoami",
                        "data.template_file.cluster-name",
                        "local.agent",
                        "local.private_key",
                        "module.aws-tested-oses"
                    ],
                    "primary": {
                        "id": "i-07a2df9bca4e324f8",
                        "attributes": {
                            "ami": "ami-b1a59fd1",
                            "associate_public_ip_address": "true",
                            "availability_zone": "us-west-1b",
                            "cpu_core_count": "2",
                            "cpu_threads_per_core": "2",
                            "credit_specification.#": "1",
                            "credit_specification.0.cpu_credits": "standard",
                            "disable_api_termination": "false",
                            "ebs_block_device.#": "0",
                            "ebs_optimized": "true",
                            "ephemeral_block_device.#": "0",
                            "get_password_data": "false",
                            "iam_instance_profile": "gl-poc-team_tf07e7_master_instance_profile",
                            "id": "i-07a2df9bca4e324f8",
                            "instance_state": "running",
                            "instance_type": "m5.xlarge",
                            "ipv6_addresses.#": "0",
                            "key_name": "gl_poc",
                            "monitoring": "false",
                            "network_interface.#": "0",
                            "network_interface_id": "eni-02ac31682ce82d555",
                            "password_data": "",
                            "placement_group": "",
                            "primary_network_interface_id": "eni-02ac31682ce82d555",
                            "private_dns": "ip-10-0-0-178.us-west-1.compute.internal",
                            "private_ip": "10.0.0.178",
                            "public_dns": "ec2-54-193-42-16.us-west-1.compute.amazonaws.com",
                            "public_ip": "54.193.42.16",
                            "root_block_device.#": "1",
                            "root_block_device.0.delete_on_termination": "true",
                            "root_block_device.0.iops": "0",
                            "root_block_device.0.volume_id": "vol-06a18239923ad5576",
                            "root_block_device.0.volume_size": "60",
                            "root_block_device.0.volume_type": "standard",
                            "security_groups.#": "0",
                            "source_dest_check": "true",
                            "subnet_id": "subnet-0d445f8c70a0561f3",
                            "tags.%": "5",
                            "tags.Name": "gl-poc-tea-tf07e7-master-1",
                            "tags.cluster": "gl-poc-tea-tf07e7",
                            "tags.expiration": "1h",
                            "tags.necessity_of_running": "true",
                            "tags.owner": "gl-poc-team",
                            "tenancy": "default",
                            "volume_tags.%": "0",
                            "vpc_security_group_ids.#": "4",
                            "vpc_security_group_ids.180255859": "sg-0bb7675c0403d99ea",
                            "vpc_security_group_ids.2737032199": "sg-08602230ce74265af",
                            "vpc_security_group_ids.3444972803": "sg-01e4726d89de79f5d",
                            "vpc_security_group_ids.3591876375": "sg-08d6deac14aefe6a2"
                        },
                        "meta": {
                            "e2bfb730-ecaa-11e6-8f88-34363bc7c4c0": {
                                "create": 600000000000,
                                "delete": 1200000000000,
                                "update": 600000000000
                            },
                            "schema_version": "1"
                        },
                        "tainted": false
                    },
                    "deposed": [],
                    "provider": "provider.aws"
                },
                "aws_instance.public-agent": {
                    "type": "aws_instance",
                    "depends_on": [
                        "aws_iam_instance_profile.agent",
                        "aws_security_group.any_access_internal",
                        "aws_security_group.http-https",
                        "aws_security_group.internet-outbound",
                        "aws_security_group.public_slave",
                        "aws_security_group.ssh",
                        "aws_subnet.public",
                        "data.external.whoami",
                        "data.template_file.cluster-name",
                        "local.agent",
                        "local.private_key",
                        "module.aws-tested-oses"
                    ],
                    "primary": {
                        "id": "i-0f1f18937ad401874",
                        "attributes": {
                            "ami": "ami-b1a59fd1",
                            "associate_public_ip_address": "true",
                            "availability_zone": "us-west-1b",
                            "cpu_core_count": "2",
                            "cpu_threads_per_core": "2",
                            "credit_specification.#": "1",
                            "credit_specification.0.cpu_credits": "standard",
                            "disable_api_termination": "false",
                            "ebs_block_device.#": "0",
                            "ebs_optimized": "true",
                            "ephemeral_block_device.#": "0",
                            "get_password_data": "false",
                            "iam_instance_profile": "gl-poc-team_tf07e7_agent_instance_profile",
                            "id": "i-0f1f18937ad401874",
                            "instance_state": "running",
                            "instance_type": "m5.xlarge",
                            "ipv6_addresses.#": "0",
                            "key_name": "gl_poc",
                            "monitoring": "false",
                            "network_interface.#": "0",
                            "network_interface_id": "eni-0205725ac147e1bd2",
                            "password_data": "",
                            "placement_group": "",
                            "primary_network_interface_id": "eni-0205725ac147e1bd2",
                            "private_dns": "ip-10-0-0-150.us-west-1.compute.internal",
                            "private_ip": "10.0.0.150",
                            "public_dns": "ec2-52-53-217-15.us-west-1.compute.amazonaws.com",
                            "public_ip": "52.53.217.15",
                            "root_block_device.#": "1",
                            "root_block_device.0.delete_on_termination": "true",
                            "root_block_device.0.iops": "0",
                            "root_block_device.0.volume_id": "vol-0990370ef0320092e",
                            "root_block_device.0.volume_size": "60",
                            "root_block_device.0.volume_type": "standard",
                            "security_groups.#": "0",
                            "source_dest_check": "true",
                            "subnet_id": "subnet-0d445f8c70a0561f3",
                            "tags.%": "6",
                            "tags.KubernetesCluster": "kubernetes-cluster",
                            "tags.Name": "gl-poc-tea-tf07e7-pubagt-1",
                            "tags.cluster": "gl-poc-tea-tf07e7",
                            "tags.expiration": "1h",
                            "tags.necessity_of_running": "true",
                            "tags.owner": "gl-poc-team",
                            "tenancy": "default",
                            "volume_tags.%": "0",
                            "vpc_security_group_ids.#": "5",
                            "vpc_security_group_ids.180255859": "sg-0bb7675c0403d99ea",
                            "vpc_security_group_ids.201140598": "sg-0e49730e81cfad476",
                            "vpc_security_group_ids.2737032199": "sg-08602230ce74265af",
                            "vpc_security_group_ids.3444972803": "sg-01e4726d89de79f5d",
                            "vpc_security_group_ids.3591876375": "sg-08d6deac14aefe6a2"
                        },
                        "meta": {
                            "e2bfb730-ecaa-11e6-8f88-34363bc7c4c0": {
                                "create": 600000000000,
                                "delete": 1200000000000,
                                "update": 600000000000
                            },
                            "schema_version": "1"
                        },
                        "tainted": false
                    },
                    "deposed": [],
                    "provider": "provider.aws"
                },
                "aws_internet_gateway.default": {
                    "type": "aws_internet_gateway",
                    "depends_on": [
                        "aws_vpc.default"
                    ],
                    "primary": {
                        "id": "igw-0ea2025dea3fb6779",
                        "attributes": {
                            "id": "igw-0ea2025dea3fb6779",
                            "vpc_id": "vpc-09dc2de493e063bf1"
                        },
                        "meta": {},
                        "tainted": false
                    },
                    "deposed": [],
                    "provider": "provider.aws"
                },
                "aws_route.internet_access": {
                    "type": "aws_route",
                    "depends_on": [
                        "aws_internet_gateway.default",
                        "aws_vpc.default"
                    ],
                    "primary": {
                        "id": "r-rtb-07c6ab8c674aeeb641080289494",
                        "attributes": {
                            "destination_cidr_block": "0.0.0.0/0",
                            "destination_prefix_list_id": "",
                            "egress_only_gateway_id": "",
                            "gateway_id": "igw-0ea2025dea3fb6779",
                            "id": "r-rtb-07c6ab8c674aeeb641080289494",
                            "instance_id": "",
                            "instance_owner_id": "",
                            "nat_gateway_id": "",
                            "network_interface_id": "",
                            "origin": "CreateRoute",
                            "route_table_id": "rtb-07c6ab8c674aeeb64",
                            "state": "active",
                            "vpc_peering_connection_id": ""
                        },
                        "meta": {
                            "e2bfb730-ecaa-11e6-8f88-34363bc7c4c0": {
                                "create": 120000000000,
                                "delete": 300000000000
                            }
                        },
                        "tainted": false
                    },
                    "deposed": [],
                    "provider": "provider.aws"
                },
                "aws_s3_bucket.dcos_bucket": {
                    "type": "aws_s3_bucket",
                    "depends_on": [
                        "data.template_file.cluster-name"
                    ],
                    "primary": {
                        "id": "gl-poc-tea-tf07e7-bucket",
                        "attributes": {
                            "acceleration_status": "",
                            "acl": "private",
                            "arn": "arn:aws:s3:::gl-poc-tea-tf07e7-bucket",
                            "bucket": "gl-poc-tea-tf07e7-bucket",
                            "bucket_domain_name": "gl-poc-tea-tf07e7-bucket.s3.amazonaws.com",
                            "bucket_regional_domain_name": "gl-poc-tea-tf07e7-bucket.s3.us-west-1.amazonaws.com",
                            "cors_rule.#": "0",
                            "force_destroy": "true",
                            "hosted_zone_id": "Z2F56UZL2M1ACD",
                            "id": "gl-poc-tea-tf07e7-bucket",
                            "logging.#": "0",
                            "region": "us-west-1",
                            "replication_configuration.#": "0",
                            "request_payer": "BucketOwner",
                            "server_side_encryption_configuration.#": "0",
                            "tags.%": "2",
                            "tags.Name": "gl-poc-tea-tf07e7-bucket",
                            "tags.cluster": "gl-poc-tea-tf07e7",
                            "versioning.#": "1",
                            "versioning.0.enabled": "false",
                            "versioning.0.mfa_delete": "false",
                            "website.#": "0"
                        },
                        "meta": {},
                        "tainted": false
                    },
                    "deposed": [],
                    "provider": "provider.aws"
                },
                "aws_security_group.any_access_internal": {
                    "type": "aws_security_group",
                    "depends_on": [
                        "aws_vpc.default"
                    ],
                    "primary": {
                        "id": "sg-01e4726d89de79f5d",
                        "attributes": {
                            "arn": "arn:aws:ec2:us-west-1:627832013441:security-group/sg-01e4726d89de79f5d",
                            "description": "Manage all ports cluster level",
                            "egress.#": "1",
                            "egress.1960698028.cidr_blocks.#": "1",
                            "egress.1960698028.cidr_blocks.0": "10.0.0.0/16",
                            "egress.1960698028.description": "",
                            "egress.1960698028.from_port": "0",
                            "egress.1960698028.ipv6_cidr_blocks.#": "0",
                            "egress.1960698028.prefix_list_ids.#": "0",
                            "egress.1960698028.protocol": "-1",
                            "egress.1960698028.security_groups.#": "0",
                            "egress.1960698028.self": "false",
                            "egress.1960698028.to_port": "0",
                            "id": "sg-01e4726d89de79f5d",
                            "ingress.#": "1",
                            "ingress.1960698028.cidr_blocks.#": "1",
                            "ingress.1960698028.cidr_blocks.0": "10.0.0.0/16",
                            "ingress.1960698028.description": "",
                            "ingress.1960698028.from_port": "0",
                            "ingress.1960698028.ipv6_cidr_blocks.#": "0",
                            "ingress.1960698028.protocol": "-1",
                            "ingress.1960698028.security_groups.#": "0",
                            "ingress.1960698028.self": "false",
                            "ingress.1960698028.to_port": "0",
                            "name": "cluster-security-group",
                            "owner_id": "627832013441",
                            "revoke_rules_on_delete": "false",
                            "tags.%": "0",
                            "vpc_id": "vpc-09dc2de493e063bf1"
                        },
                        "meta": {
                            "e2bfb730-ecaa-11e6-8f88-34363bc7c4c0": {
                                "create": 600000000000,
                                "delete": 600000000000
                            },
                            "schema_version": "1"
                        },
                        "tainted": false
                    },
                    "deposed": [],
                    "provider": "provider.aws"
                },
                "aws_security_group.http": {
                    "type": "aws_security_group",
                    "depends_on": [
                        "aws_vpc.default"
                    ],
                    "primary": {
                        "id": "sg-0e9f57c5a8895da5a",
                        "attributes": {
                            "arn": "arn:aws:ec2:us-west-1:627832013441:security-group/sg-0e9f57c5a8895da5a",
                            "description": "A security group for the elb",
                            "egress.#": "1",
                            "egress.482069346.cidr_blocks.#": "1",
                            "egress.482069346.cidr_blocks.0": "0.0.0.0/0",
                            "egress.482069346.description": "",
                            "egress.482069346.from_port": "0",
                            "egress.482069346.ipv6_cidr_blocks.#": "0",
                            "egress.482069346.prefix_list_ids.#": "0",
                            "egress.482069346.protocol": "-1",
                            "egress.482069346.security_groups.#": "0",
                            "egress.482069346.self": "false",
                            "egress.482069346.to_port": "0",
                            "id": "sg-0e9f57c5a8895da5a",
                            "ingress.#": "1",
                            "ingress.2214680975.cidr_blocks.#": "1",
                            "ingress.2214680975.cidr_blocks.0": "0.0.0.0/0",
                            "ingress.2214680975.description": "",
                            "ingress.2214680975.from_port": "80",
                            "ingress.2214680975.ipv6_cidr_blocks.#": "0",
                            "ingress.2214680975.protocol": "tcp",
                            "ingress.2214680975.security_groups.#": "0",
                            "ingress.2214680975.self": "false",
                            "ingress.2214680975.to_port": "80",
                            "name": "http-security-group",
                            "owner_id": "627832013441",
                            "revoke_rules_on_delete": "false",
                            "tags.%": "0",
                            "vpc_id": "vpc-09dc2de493e063bf1"
                        },
                        "meta": {
                            "e2bfb730-ecaa-11e6-8f88-34363bc7c4c0": {
                                "create": 600000000000,
                                "delete": 600000000000
                            },
                            "schema_version": "1"
                        },
                        "tainted": false
                    },
                    "deposed": [],
                    "provider": "provider.aws"
                },
                "aws_security_group.http-https": {
                    "type": "aws_security_group",
                    "depends_on": [
                        "aws_vpc.default"
                    ],
                    "primary": {
                        "id": "sg-08d6deac14aefe6a2",
                        "attributes": {
                            "arn": "arn:aws:ec2:us-west-1:627832013441:security-group/sg-08d6deac14aefe6a2",
                            "description": "Administrators can manage their machines",
                            "egress.#": "0",
                            "id": "sg-08d6deac14aefe6a2",
                            "ingress.#": "2",
                            "ingress.285059409.cidr_blocks.#": "1",
                            "ingress.285059409.cidr_blocks.0": "13.57.15.107/32",
                            "ingress.285059409.description": "",
                            "ingress.285059409.from_port": "443",
                            "ingress.285059409.ipv6_cidr_blocks.#": "0",
                            "ingress.285059409.protocol": "tcp",
                            "ingress.285059409.security_groups.#": "0",
                            "ingress.285059409.self": "false",
                            "ingress.285059409.to_port": "443",
                            "ingress.3608633865.cidr_blocks.#": "1",
                            "ingress.3608633865.cidr_blocks.0": "13.57.15.107/32",
                            "ingress.3608633865.description": "",
                            "ingress.3608633865.from_port": "80",
                            "ingress.3608633865.ipv6_cidr_blocks.#": "0",
                            "ingress.3608633865.protocol": "tcp",
                            "ingress.3608633865.security_groups.#": "0",
                            "ingress.3608633865.self": "false",
                            "ingress.3608633865.to_port": "80",
                            "name": "http-https-security-group",
                            "owner_id": "627832013441",
                            "revoke_rules_on_delete": "false",
                            "tags.%": "0",
                            "vpc_id": "vpc-09dc2de493e063bf1"
                        },
                        "meta": {
                            "e2bfb730-ecaa-11e6-8f88-34363bc7c4c0": {
                                "create": 600000000000,
                                "delete": 600000000000
                            },
                            "schema_version": "1"
                        },
                        "tainted": false
                    },
                    "deposed": [],
                    "provider": "provider.aws"
                },
                "aws_security_group.internet-outbound": {
                    "type": "aws_security_group",
                    "depends_on": [
                        "aws_vpc.default"
                    ],
                    "primary": {
                        "id": "sg-08602230ce74265af",
                        "attributes": {
                            "arn": "arn:aws:ec2:us-west-1:627832013441:security-group/sg-08602230ce74265af",
                            "description": "Security group to control outbound internet access only.",
                            "egress.#": "1",
                            "egress.482069346.cidr_blocks.#": "1",
                            "egress.482069346.cidr_blocks.0": "0.0.0.0/0",
                            "egress.482069346.description": "",
                            "egress.482069346.from_port": "0",
                            "egress.482069346.ipv6_cidr_blocks.#": "0",
                            "egress.482069346.prefix_list_ids.#": "0",
                            "egress.482069346.protocol": "-1",
                            "egress.482069346.security_groups.#": "0",
                            "egress.482069346.self": "false",
                            "egress.482069346.to_port": "0",
                            "id": "sg-08602230ce74265af",
                            "ingress.#": "0",
                            "name": "internet-outbound-only-access",
                            "owner_id": "627832013441",
                            "revoke_rules_on_delete": "false",
                            "tags.%": "0",
                            "vpc_id": "vpc-09dc2de493e063bf1"
                        },
                        "meta": {
                            "e2bfb730-ecaa-11e6-8f88-34363bc7c4c0": {
                                "create": 600000000000,
                                "delete": 600000000000
                            },
                            "schema_version": "1"
                        },
                        "tainted": false
                    },
                    "deposed": [],
                    "provider": "provider.aws"
                },
                "aws_security_group.master": {
                    "type": "aws_security_group",
                    "depends_on": [
                        "aws_vpc.default"
                    ],
                    "primary": {
                        "id": "sg-08c7c4842df4d2776",
                        "attributes": {
                            "arn": "arn:aws:ec2:us-west-1:627832013441:security-group/sg-08c7c4842df4d2776",
                            "description": "Security group for masters",
                            "egress.#": "0",
                            "id": "sg-08c7c4842df4d2776",
                            "ingress.#": "6",
                            "ingress.167707971.cidr_blocks.#": "1",
                            "ingress.167707971.cidr_blocks.0": "10.0.0.0/16",
                            "ingress.167707971.description": "",
                            "ingress.167707971.from_port": "5050",
                            "ingress.167707971.ipv6_cidr_blocks.#": "0",
                            "ingress.167707971.protocol": "tcp",
                            "ingress.167707971.security_groups.#": "0",
                            "ingress.167707971.self": "false",
                            "ingress.167707971.to_port": "5050",
                            "ingress.285059409.cidr_blocks.#": "1",
                            "ingress.285059409.cidr_blocks.0": "13.57.15.107/32",
                            "ingress.285059409.description": "",
                            "ingress.285059409.from_port": "443",
                            "ingress.285059409.ipv6_cidr_blocks.#": "0",
                            "ingress.285059409.protocol": "tcp",
                            "ingress.285059409.security_groups.#": "0",
                            "ingress.285059409.self": "false",
                            "ingress.285059409.to_port": "443",
                            "ingress.3608633865.cidr_blocks.#": "1",
                            "ingress.3608633865.cidr_blocks.0": "13.57.15.107/32",
                            "ingress.3608633865.description": "",
                            "ingress.3608633865.from_port": "80",
                            "ingress.3608633865.ipv6_cidr_blocks.#": "0",
                            "ingress.3608633865.protocol": "tcp",
                            "ingress.3608633865.security_groups.#": "0",
                            "ingress.3608633865.self": "false",
                            "ingress.3608633865.to_port": "80",
                            "ingress.4023360382.cidr_blocks.#": "1",
                            "ingress.4023360382.cidr_blocks.0": "10.0.0.0/16",
                            "ingress.4023360382.description": "",
                            "ingress.4023360382.from_port": "2181",
                            "ingress.4023360382.ipv6_cidr_blocks.#": "0",
                            "ingress.4023360382.protocol": "tcp",
                            "ingress.4023360382.security_groups.#": "0",
                            "ingress.4023360382.self": "false",
                            "ingress.4023360382.to_port": "2181",
                            "ingress.542945394.cidr_blocks.#": "1",
                            "ingress.542945394.cidr_blocks.0": "10.0.0.0/16",
                            "ingress.542945394.description": "",
                            "ingress.542945394.from_port": "8080",
                            "ingress.542945394.ipv6_cidr_blocks.#": "0",
                            "ingress.542945394.protocol": "tcp",
                            "ingress.542945394.security_groups.#": "0",
                            "ingress.542945394.self": "false",
                            "ingress.542945394.to_port": "8080",
                            "ingress.730087991.cidr_blocks.#": "1",
                            "ingress.730087991.cidr_blocks.0": "10.0.0.0/16",
                            "ingress.730087991.description": "",
                            "ingress.730087991.from_port": "8181",
                            "ingress.730087991.ipv6_cidr_blocks.#": "0",
                            "ingress.730087991.protocol": "tcp",
                            "ingress.730087991.security_groups.#": "0",
                            "ingress.730087991.self": "false",
                            "ingress.730087991.to_port": "8181",
                            "name": "master-security-group",
                            "owner_id": "627832013441",
                            "revoke_rules_on_delete": "false",
                            "tags.%": "0",
                            "vpc_id": "vpc-09dc2de493e063bf1"
                        },
                        "meta": {
                            "e2bfb730-ecaa-11e6-8f88-34363bc7c4c0": {
                                "create": 600000000000,
                                "delete": 600000000000
                            },
                            "schema_version": "1"
                        },
                        "tainted": false
                    },
                    "deposed": [],
                    "provider": "provider.aws"
                },
                "aws_security_group.private_slave": {
                    "type": "aws_security_group",
                    "depends_on": [
                        "aws_vpc.default"
                    ],
                    "primary": {
                        "id": "sg-0e7a54c9d537c05c1",
                        "attributes": {
                            "arn": "arn:aws:ec2:us-west-1:627832013441:security-group/sg-0e7a54c9d537c05c1",
                            "description": "security group for slave private",
                            "egress.#": "1",
                            "egress.1960698028.cidr_blocks.#": "1",
                            "egress.1960698028.cidr_blocks.0": "10.0.0.0/16",
                            "egress.1960698028.description": "",
                            "egress.1960698028.from_port": "0",
                            "egress.1960698028.ipv6_cidr_blocks.#": "0",
                            "egress.1960698028.prefix_list_ids.#": "0",
                            "egress.1960698028.protocol": "-1",
                            "egress.1960698028.security_groups.#": "0",
                            "egress.1960698028.self": "false",
                            "egress.1960698028.to_port": "0",
                            "id": "sg-0e7a54c9d537c05c1",
                            "ingress.#": "1",
                            "ingress.1960698028.cidr_blocks.#": "1",
                            "ingress.1960698028.cidr_blocks.0": "10.0.0.0/16",
                            "ingress.1960698028.description": "",
                            "ingress.1960698028.from_port": "0",
                            "ingress.1960698028.ipv6_cidr_blocks.#": "0",
                            "ingress.1960698028.protocol": "-1",
                            "ingress.1960698028.security_groups.#": "0",
                            "ingress.1960698028.self": "false",
                            "ingress.1960698028.to_port": "0",
                            "name": "private-slave-security-group",
                            "owner_id": "627832013441",
                            "revoke_rules_on_delete": "false",
                            "tags.%": "1",
                            "tags.KubernetesCluster": "kubernetes-cluster",
                            "vpc_id": "vpc-09dc2de493e063bf1"
                        },
                        "meta": {
                            "e2bfb730-ecaa-11e6-8f88-34363bc7c4c0": {
                                "create": 600000000000,
                                "delete": 600000000000
                            },
                            "schema_version": "1"
                        },
                        "tainted": false
                    },
                    "deposed": [],
                    "provider": "provider.aws"
                },
                "aws_security_group.public_slave": {
                    "type": "aws_security_group",
                    "depends_on": [
                        "aws_vpc.default"
                    ],
                    "primary": {
                        "id": "sg-0e49730e81cfad476",
                        "attributes": {
                            "arn": "arn:aws:ec2:us-west-1:627832013441:security-group/sg-0e49730e81cfad476",
                            "description": "security group for slave public",
                            "egress.#": "0",
                            "id": "sg-0e49730e81cfad476",
                            "ingress.#": "6",
                            "ingress.1188207358.cidr_blocks.#": "1",
                            "ingress.1188207358.cidr_blocks.0": "0.0.0.0/0",
                            "ingress.1188207358.description": "",
                            "ingress.1188207358.from_port": "5052",
                            "ingress.1188207358.ipv6_cidr_blocks.#": "0",
                            "ingress.1188207358.protocol": "tcp",
                            "ingress.1188207358.security_groups.#": "0",
                            "ingress.1188207358.self": "false",
                            "ingress.1188207358.to_port": "32000",
                            "ingress.1217125192.cidr_blocks.#": "1",
                            "ingress.1217125192.cidr_blocks.0": "0.0.0.0/0",
                            "ingress.1217125192.description": "",
                            "ingress.1217125192.from_port": "0",
                            "ingress.1217125192.ipv6_cidr_blocks.#": "0",
                            "ingress.1217125192.protocol": "tcp",
                            "ingress.1217125192.security_groups.#": "0",
                            "ingress.1217125192.self": "false",
                            "ingress.1217125192.to_port": "21",
                            "ingress.1741843269.cidr_blocks.#": "1",
                            "ingress.1741843269.cidr_blocks.0": "0.0.0.0/0",
                            "ingress.1741843269.description": "",
                            "ingress.1741843269.from_port": "0",
                            "ingress.1741843269.ipv6_cidr_blocks.#": "0",
                            "ingress.1741843269.protocol": "udp",
                            "ingress.1741843269.security_groups.#": "0",
                            "ingress.1741843269.self": "false",
                            "ingress.1741843269.to_port": "21",
                            "ingress.1770728179.cidr_blocks.#": "1",
                            "ingress.1770728179.cidr_blocks.0": "0.0.0.0/0",
                            "ingress.1770728179.description": "",
                            "ingress.1770728179.from_port": "5052",
                            "ingress.1770728179.ipv6_cidr_blocks.#": "0",
                            "ingress.1770728179.protocol": "udp",
                            "ingress.1770728179.security_groups.#": "0",
                            "ingress.1770728179.self": "false",
                            "ingress.1770728179.to_port": "32000",
                            "ingress.477657457.cidr_blocks.#": "1",
                            "ingress.477657457.cidr_blocks.0": "0.0.0.0/0",
                            "ingress.477657457.description": "",
                            "ingress.477657457.from_port": "23",
                            "ingress.477657457.ipv6_cidr_blocks.#": "0",
                            "ingress.477657457.protocol": "udp",
                            "ingress.477657457.security_groups.#": "0",
                            "ingress.477657457.self": "false",
                            "ingress.477657457.to_port": "5050",
                            "ingress.857852284.cidr_blocks.#": "1",
                            "ingress.857852284.cidr_blocks.0": "0.0.0.0/0",
                            "ingress.857852284.description": "",
                            "ingress.857852284.from_port": "23",
                            "ingress.857852284.ipv6_cidr_blocks.#": "0",
                            "ingress.857852284.protocol": "tcp",
                            "ingress.857852284.security_groups.#": "0",
                            "ingress.857852284.self": "false",
                            "ingress.857852284.to_port": "5050",
                            "name": "public-slave-security-group",
                            "owner_id": "627832013441",
                            "revoke_rules_on_delete": "false",
                            "tags.%": "1",
                            "tags.KubernetesCluster": "kubernetes-cluster",
                            "vpc_id": "vpc-09dc2de493e063bf1"
                        },
                        "meta": {
                            "e2bfb730-ecaa-11e6-8f88-34363bc7c4c0": {
                                "create": 600000000000,
                                "delete": 600000000000
                            },
                            "schema_version": "1"
                        },
                        "tainted": false
                    },
                    "deposed": [],
                    "provider": "provider.aws"
                },
                "aws_security_group.ssh": {
                    "type": "aws_security_group",
                    "depends_on": [
                        "aws_vpc.default"
                    ],
                    "primary": {
                        "id": "sg-0bb7675c0403d99ea",
                        "attributes": {
                            "arn": "arn:aws:ec2:us-west-1:627832013441:security-group/sg-0bb7675c0403d99ea",
                            "description": "SSH only access for terraform and administrators",
                            "egress.#": "0",
                            "id": "sg-0bb7675c0403d99ea",
                            "ingress.#": "1",
                            "ingress.2058422074.cidr_blocks.#": "1",
                            "ingress.2058422074.cidr_blocks.0": "13.57.15.107/32",
                            "ingress.2058422074.description": "",
                            "ingress.2058422074.from_port": "22",
                            "ingress.2058422074.ipv6_cidr_blocks.#": "0",
                            "ingress.2058422074.protocol": "tcp",
                            "ingress.2058422074.security_groups.#": "0",
                            "ingress.2058422074.self": "false",
                            "ingress.2058422074.to_port": "22",
                            "name": "ssh-security-group",
                            "owner_id": "627832013441",
                            "revoke_rules_on_delete": "false",
                            "tags.%": "0",
                            "vpc_id": "vpc-09dc2de493e063bf1"
                        },
                        "meta": {
                            "e2bfb730-ecaa-11e6-8f88-34363bc7c4c0": {
                                "create": 600000000000,
                                "delete": 600000000000
                            },
                            "schema_version": "1"
                        },
                        "tainted": false
                    },
                    "deposed": [],
                    "provider": "provider.aws"
                },
                "aws_subnet.private": {
                    "type": "aws_subnet",
                    "depends_on": [
                        "aws_vpc.default"
                    ],
                    "primary": {
                        "id": "subnet-085be066ecd5336f8",
                        "attributes": {
                            "assign_ipv6_address_on_creation": "false",
                            "availability_zone": "us-west-1b",
                            "cidr_block": "10.0.4.0/22",
                            "id": "subnet-085be066ecd5336f8",
                            "map_public_ip_on_launch": "true",
                            "tags.%": "0",
                            "vpc_id": "vpc-09dc2de493e063bf1"
                        },
                        "meta": {
                            "schema_version": "1"
                        },
                        "tainted": false
                    },
                    "deposed": [],
                    "provider": "provider.aws"
                },
                "aws_subnet.public": {
                    "type": "aws_subnet",
                    "depends_on": [
                        "aws_vpc.default"
                    ],
                    "primary": {
                        "id": "subnet-0d445f8c70a0561f3",
                        "attributes": {
                            "assign_ipv6_address_on_creation": "false",
                            "availability_zone": "us-west-1b",
                            "cidr_block": "10.0.0.0/22",
                            "id": "subnet-0d445f8c70a0561f3",
                            "map_public_ip_on_launch": "true",
                            "tags.%": "0",
                            "vpc_id": "vpc-09dc2de493e063bf1"
                        },
                        "meta": {
                            "schema_version": "1"
                        },
                        "tainted": false
                    },
                    "deposed": [],
                    "provider": "provider.aws"
                },
                "aws_vpc.default": {
                    "type": "aws_vpc",
                    "depends_on": [
                        "data.external.whoami"
                    ],
                    "primary": {
                        "id": "vpc-09dc2de493e063bf1",
                        "attributes": {
                            "arn": "arn:aws:ec2:us-west-1:627832013441:vpc/vpc-09dc2de493e063bf1",
                            "assign_generated_ipv6_cidr_block": "false",
                            "cidr_block": "10.0.0.0/16",
                            "default_network_acl_id": "acl-017d7dbf9597a7cef",
                            "default_route_table_id": "rtb-07c6ab8c674aeeb64",
                            "default_security_group_id": "sg-0d8d0915ae17ebf68",
                            "dhcp_options_id": "dopt-fd9ce99a",
                            "enable_classiclink": "false",
                            "enable_classiclink_dns_support": "false",
                            "enable_dns_hostnames": "true",
                            "enable_dns_support": "true",
                            "id": "vpc-09dc2de493e063bf1",
                            "instance_tenancy": "default",
                            "main_route_table_id": "rtb-07c6ab8c674aeeb64",
                            "tags.%": "1",
                            "tags.Name": "gl-poc-team"
                        },
                        "meta": {
                            "schema_version": "1"
                        },
                        "tainted": false
                    },
                    "deposed": [],
                    "provider": "provider.aws"
                },
                "data.external.whoami": {
                    "type": "external",
                    "depends_on": [],
                    "primary": {
                        "id": "-",
                        "attributes": {
                            "id": "-",
                            "program.#": "1",
                            "program.0": "scripts/local/whoami.sh",
                            "result.%": "1",
                            "result.owner": "vladyslav.matus"
                        },
                        "meta": {},
                        "tainted": false
                    },
                    "deposed": [],
                    "provider": "provider.external"
                },
                "data.template_file.cluster-name": {
                    "type": "template_file",
                    "depends_on": [
                        "aws_vpc.default",
                        "data.external.whoami"
                    ],
                    "primary": {
                        "id": "e40dae41520f3b5538f398a933b3c00dc9ff9cfca21238d46618db2e577c865a",
                        "attributes": {
                            "id": "e40dae41520f3b5538f398a933b3c00dc9ff9cfca21238d46618db2e577c865a",
                            "rendered": "gl-poc-tea-tf07e7",
                            "template": "${username}-tf${uuid}",
                            "vars.%": "2",
                            "vars.username": "gl-poc-tea",
                            "vars.uuid": "07e7"
                        },
                        "meta": {},
                        "tainted": false
                    },
                    "deposed": [],
                    "provider": "provider.template"
                },
                "data.template_file.cluster_uuid": {
                    "type": "template_file",
                    "depends_on": [
                        "aws_vpc.default"
                    ],
                    "primary": {
                        "id": "489d9201a3154efaed0655eaccec7fa2bdf36383a061bf1e036f9ad886b917d7",
                        "attributes": {
                            "id": "489d9201a3154efaed0655eaccec7fa2bdf36383a061bf1e036f9ad886b917d7",
                            "rendered": "tf07e7",
                            "template": "tf${uuid}",
                            "vars.%": "1",
                            "vars.uuid": "07e7"
                        },
                        "meta": {},
                        "tainted": false
                    },
                    "deposed": [],
                    "provider": "provider.template"
                },
                "null_resource.agent.0": {
                    "type": "null_resource",
                    "depends_on": [
                        "aws_instance.agent.*",
                        "aws_instance.bootstrap",
                        "local.agent",
                        "local.private_key",
                        "module.aws-tested-oses",
                        "module.dcos-mesos-agent",
                        "null_resource.bootstrap"
                    ],
                    "primary": {
                        "id": "209581785308303827",
                        "attributes": {
                            "id": "209581785308303827",
                            "triggers.%": "2",
                            "triggers.cluster_instance_ids": "2560941027132260706",
                            "triggers.current_ec2_instance_id": "i-0b3d2dbaa37526cff"
                        },
                        "meta": {},
                        "tainted": false
                    },
                    "deposed": [],
                    "provider": "provider.null"
                },
                "null_resource.agent.1": {
                    "type": "null_resource",
                    "depends_on": [
                        "aws_instance.agent.*",
                        "aws_instance.bootstrap",
                        "local.agent",
                        "local.private_key",
                        "module.aws-tested-oses",
                        "module.dcos-mesos-agent",
                        "null_resource.bootstrap"
                    ],
                    "primary": {
                        "id": "5211604636993279983",
                        "attributes": {
                            "id": "5211604636993279983",
                            "triggers.%": "2",
                            "triggers.cluster_instance_ids": "2560941027132260706",
                            "triggers.current_ec2_instance_id": "i-0b26ac9f3a7b5f519"
                        },
                        "meta": {},
                        "tainted": false
                    },
                    "deposed": [],
                    "provider": "provider.null"
                },
                "null_resource.agent.2": {
                    "type": "null_resource",
                    "depends_on": [
                        "aws_instance.agent.*",
                        "aws_instance.bootstrap",
                        "local.agent",
                        "local.private_key",
                        "module.aws-tested-oses",
                        "module.dcos-mesos-agent",
                        "null_resource.bootstrap"
                    ],
                    "primary": {
                        "id": "1360986829074144887",
                        "attributes": {
                            "id": "1360986829074144887",
                            "triggers.%": "2",
                            "triggers.cluster_instance_ids": "2560941027132260706",
                            "triggers.current_ec2_instance_id": "i-0bfa1e65e0256afb5"
                        },
                        "meta": {},
                        "tainted": false
                    },
                    "deposed": [],
                    "provider": "provider.null"
                },
                "null_resource.bootstrap": {
                    "type": "null_resource",
                    "depends_on": [
                        "aws_elb.internal-master-elb",
                        "aws_elb.public-master-elb",
                        "aws_instance.bootstrap",
                        "aws_instance.bootstrap.*",
                        "aws_s3_bucket.dcos_bucket",
                        "data.template_file.cluster-name",
                        "local.agent",
                        "local.private_key",
                        "module.aws-tested-oses",
                        "module.dcos-bootstrap"
                    ],
                    "primary": {
                        "id": "2560941027132260706",
                        "attributes": {
                            "id": "2560941027132260706",
                            "triggers.%": "69",
                            "triggers.cluster_instance_ids": "i-07b5211cd7d66dffe",
                            "triggers.dcos_audit_logging": "",
                            "triggers.dcos_auth_cookie_secure_flag": "",
                            "triggers.dcos_aws_access_key_id": "",
                            "triggers.dcos_aws_region": "us-west-1",
                            "triggers.dcos_aws_secret_access_key": "",
                            "triggers.dcos_aws_template_storage_access_key_id": "",
                            "triggers.dcos_aws_template_storage_bucket": "",
                            "triggers.dcos_aws_template_storage_bucket_path": "",
                            "triggers.dcos_aws_template_storage_region_name": "",
                            "triggers.dcos_aws_template_storage_secret_access_key": "",
                            "triggers.dcos_aws_template_upload": "",
                            "triggers.dcos_bootstrap_port": "80",
                            "triggers.dcos_bouncer_expiration_auth_token_days": "",
                            "triggers.dcos_check_time": "",
                            "triggers.dcos_cluster_docker_credentials": "",
                            "triggers.dcos_cluster_docker_credentials_dcos_owned": "",
                            "triggers.dcos_cluster_docker_credentials_enabled": "",
                            "triggers.dcos_cluster_docker_credentials_write_to_etc": "",
                            "triggers.dcos_cluster_docker_registry_url": "",
                            "triggers.dcos_cluster_name": "gl-poc",
                            "triggers.dcos_config": "",
                            "triggers.dcos_customer_key": "",
                            "triggers.dcos_dns_search": "",
                            "triggers.dcos_docker_remove_delay": "",
                            "triggers.dcos_enable_docker_gc": "",
                            "triggers.dcos_exhibitor_address": "internal-gl-poc-tea-tf07e7-int-master-elb-2083882448.us-west-1.elb.amazonaws.com",
                            "triggers.dcos_exhibitor_azure_account_key": "",
                            "triggers.dcos_exhibitor_azure_account_name": "",
                            "triggers.dcos_exhibitor_azure_prefix": "",
                            "triggers.dcos_exhibitor_explicit_keys": "false",
                            "triggers.dcos_exhibitor_storage_backend": "aws_s3",
                            "triggers.dcos_exhibitor_zk_hosts": "",
                            "triggers.dcos_exhibitor_zk_path": "",
                            "triggers.dcos_gc_delay": "",
                            "triggers.dcos_http_proxy": "",
                            "triggers.dcos_https_proxy": "",
                            "triggers.dcos_ip_detect_public_contents": "\"'#!/bin/sh\\n\\n  set -o nounset -o errexit\\n\\n\\n  curl -fsSL http://169.254.169.254/latest/meta-data/public-ipv4\\n\\n   '\\n\"",
                            "triggers.dcos_log_directory": "",
                            "triggers.dcos_master_discovery": "master_http_loadbalancer",
                            "triggers.dcos_master_dns_bindall": "",
                            "triggers.dcos_master_external_loadbalancer": "gl-poc-tea-tf07e7-pub-mas-elb-2022525293.us-west-1.elb.amazonaws.com",
                            "triggers.dcos_no_proxy": "",
                            "triggers.dcos_num_masters": "1",
                            "triggers.dcos_oauth_enabled": "",
                            "triggers.dcos_overlay_config_attempts": "",
                            "triggers.dcos_overlay_enable": "",
                            "triggers.dcos_overlay_mtu": "",
                            "triggers.dcos_overlay_network": "",
                            "triggers.dcos_package_storage_uri": "",
                            "triggers.dcos_previous_version": "",
                            "triggers.dcos_process_timeout": "",
                            "triggers.dcos_resolvers": "\n - 169.254.169.253",
                            "triggers.dcos_rexray_config": "",
                            "triggers.dcos_rexray_config_filename": "",
                            "triggers.dcos_rexray_config_method": "",
                            "triggers.dcos_s3_bucket": "gl-poc-tea-tf07e7-bucket",
                            "triggers.dcos_s3_prefix": "gl-poc-tea-tf07e7-bucket",
                            "triggers.dcos_security": "",
                            "triggers.dcos_staged_package_storage_uri": "",
                            "triggers.dcos_superuser_password_hash": "",
                            "triggers.dcos_superuser_username": "",
                            "triggers.dcos_telemetry_enabled": "",
                            "triggers.dcos_use_proxy": "",
                            "triggers.dcos_version": "1.11.2",
                            "triggers.dcos_zk_agent_credentials": "",
                            "triggers.dcos_zk_master_credentials": "",
                            "triggers.dcos_zk_super_credentials": "",
                            "triggers.num_of_masters": "1"
                        },
                        "meta": {},
                        "tainted": false
                    },
                    "deposed": [],
                    "provider": "provider.null"
                },
                "null_resource.master": {
                    "type": "null_resource",
                    "depends_on": [
                        "aws_instance.bootstrap",
                        "aws_instance.master.*",
                        "local.agent",
                        "local.private_key",
                        "module.aws-tested-oses",
                        "module.dcos-mesos-master",
                        "null_resource.bootstrap"
                    ],
                    "primary": {
                        "id": "4231247826806057813",
                        "attributes": {
                            "id": "4231247826806057813",
                            "triggers.%": "2",
                            "triggers.cluster_instance_ids": "2560941027132260706",
                            "triggers.current_ec2_instance_id": "i-07a2df9bca4e324f8"
                        },
                        "meta": {},
                        "tainted": false
                    },
                    "deposed": [],
                    "provider": "provider.null"
                },
                "null_resource.public-agent": {
                    "type": "null_resource",
                    "depends_on": [
                        "aws_instance.bootstrap",
                        "aws_instance.public-agent.*",
                        "local.agent",
                        "local.private_key",
                        "module.aws-tested-oses",
                        "module.dcos-mesos-agent-public",
                        "null_resource.bootstrap"
                    ],
                    "primary": {
                        "id": "4903860767164308958",
                        "attributes": {
                            "id": "4903860767164308958",
                            "triggers.%": "2",
                            "triggers.cluster_instance_ids": "2560941027132260706",
                            "triggers.current_ec2_instance_id": "i-0f1f18937ad401874"
                        },
                        "meta": {},
                        "tainted": false
                    },
                    "deposed": [],
                    "provider": "provider.null"
                }
            },
            "depends_on": []
        },
        {
            "path": [
                "root",
                "aws-tested-oses"
            ],
            "outputs": {
                "aws_ami": {
                    "sensitive": false,
                    "type": "string",
                    "value": "ami-b1a59fd1"
                },
                "os-setup": {
                    "sensitive": false,
                    "type": "string",
                    "value": "sudo setenforce 0 \u0026\u0026 \\\nsudo sed -i --follow-symlinks 's/^SELINUX=.*/SELINUX=disabled/g' /etc/sysconfig/selinux\nsudo tee /etc/yum.repos.d/docker.repo \u003c\u003c-'EOF'\n[dockerrepo]\nname=Docker Repository\nbaseurl=https://yum.dockerproject.org/repo/main/centos/7\nenabled=1\ngpgcheck=1\ngpgkey=https://yum.dockerproject.org/gpg\nEOF\n# sudo yum -y update --exclude=\"docker-engine*\"\nsudo mkdir -p /etc/systemd/system/docker.service.d\nsudo tee /etc/systemd/system/docker.service.d/override.conf \u003c\u003c- EOF\n[Service]\nExecStart=\nExecStart=/usr/bin/docker daemon --storage-driver=overlay\nEOF\nsudo yum install -y docker-engine-1.13.1\nsudo systemctl start docker\nsudo systemctl enable docker\nsudo yum install -y bind-utils\nsudo yum install -y wget\nsudo yum install -y git\nsudo yum install -y unzip\nsudo yum install -y curl\nsudo yum install -y xz\nsudo yum install -y ipset\nsudo yum install -y ntp\nsudo systemctl enable ntpd\nsudo systemctl start ntpd\nsudo getent group nogroup || sudo groupadd nogroup\nsudo getent group docker || sudo groupadd docker\nsudo touch /opt/dcos-prereqs.installed\n"
                },
                "user": {
                    "sensitive": false,
                    "type": "string",
                    "value": "centos"
                }
            },
            "resources": {
                "data.template_file.aws_ami": {
                    "type": "template_file",
                    "depends_on": [],
                    "primary": {
                        "id": "d8722c4e4bb79c4b9b5f0eb1291e6b0f4528db92c047c4b52c20a3d3ca805dc7",
                        "attributes": {
                            "id": "d8722c4e4bb79c4b9b5f0eb1291e6b0f4528db92c047c4b52c20a3d3ca805dc7",
                            "rendered": "ami-b1a59fd1",
                            "template": "${aws_ami_result}",
                            "vars.%": "1",
                            "vars.aws_ami_result": "ami-b1a59fd1"
                        },
                        "meta": {},
                        "tainted": false
                    },
                    "deposed": [],
                    "provider": "provider.template"
                },
                "data.template_file.aws_ami_user": {
                    "type": "template_file",
                    "depends_on": [],
                    "primary": {
                        "id": "135698ee5b39ac9515ae9c03ff0d9525bb1dcdd50824b4aa97a8e20c9e3eb2a7",
                        "attributes": {
                            "id": "135698ee5b39ac9515ae9c03ff0d9525bb1dcdd50824b4aa97a8e20c9e3eb2a7",
                            "rendered": "centos",
                            "template": "${aws_user_result}",
                            "vars.%": "1",
                            "vars.aws_user_result": "centos"
                        },
                        "meta": {},
                        "tainted": false
                    },
                    "deposed": [],
                    "provider": "provider.template"
                },
                "data.template_file.os-setup": {
                    "type": "template_file",
                    "depends_on": [],
                    "primary": {
                        "id": "50bab596243d4e7b1fb1c9c9dcdb65d92fdb43a008d36dbb9017fc136b477c56",
                        "attributes": {
                            "id": "50bab596243d4e7b1fb1c9c9dcdb65d92fdb43a008d36dbb9017fc136b477c56",
                            "rendered": "sudo setenforce 0 \u0026\u0026 \\\nsudo sed -i --follow-symlinks 's/^SELINUX=.*/SELINUX=disabled/g' /etc/sysconfig/selinux\nsudo tee /etc/yum.repos.d/docker.repo \u003c\u003c-'EOF'\n[dockerrepo]\nname=Docker Repository\nbaseurl=https://yum.dockerproject.org/repo/main/centos/7\nenabled=1\ngpgcheck=1\ngpgkey=https://yum.dockerproject.org/gpg\nEOF\n# sudo yum -y update --exclude=\"docker-engine*\"\nsudo mkdir -p /etc/systemd/system/docker.service.d\nsudo tee /etc/systemd/system/docker.service.d/override.conf \u003c\u003c- EOF\n[Service]\nExecStart=\nExecStart=/usr/bin/docker daemon --storage-driver=overlay\nEOF\nsudo yum install -y docker-engine-1.13.1\nsudo systemctl start docker\nsudo systemctl enable docker\nsudo yum install -y bind-utils\nsudo yum install -y wget\nsudo yum install -y git\nsudo yum install -y unzip\nsudo yum install -y curl\nsudo yum install -y xz\nsudo yum install -y ipset\nsudo yum install -y ntp\nsudo systemctl enable ntpd\nsudo systemctl start ntpd\nsudo getent group nogroup || sudo groupadd nogroup\nsudo getent group docker || sudo groupadd docker\nsudo touch /opt/dcos-prereqs.installed\n",
                            "template": "sudo setenforce 0 \u0026\u0026 \\\nsudo sed -i --follow-symlinks 's/^SELINUX=.*/SELINUX=disabled/g' /etc/sysconfig/selinux\nsudo tee /etc/yum.repos.d/docker.repo \u003c\u003c-'EOF'\n[dockerrepo]\nname=Docker Repository\nbaseurl=https://yum.dockerproject.org/repo/main/centos/7\nenabled=1\ngpgcheck=1\ngpgkey=https://yum.dockerproject.org/gpg\nEOF\n# sudo yum -y update --exclude=\"docker-engine*\"\nsudo mkdir -p /etc/systemd/system/docker.service.d\nsudo tee /etc/systemd/system/docker.service.d/override.conf \u003c\u003c- EOF\n[Service]\nExecStart=\nExecStart=/usr/bin/docker daemon --storage-driver=overlay\nEOF\nsudo yum install -y docker-engine-1.13.1\nsudo systemctl start docker\nsudo systemctl enable docker\nsudo yum install -y bind-utils\nsudo yum install -y wget\nsudo yum install -y git\nsudo yum install -y unzip\nsudo yum install -y curl\nsudo yum install -y xz\nsudo yum install -y ipset\nsudo yum install -y ntp\nsudo systemctl enable ntpd\nsudo systemctl start ntpd\nsudo getent group nogroup || sudo groupadd nogroup\nsudo getent group docker || sudo groupadd docker\nsudo touch /opt/dcos-prereqs.installed\n"
                        },
                        "meta": {},
                        "tainted": false
                    },
                    "deposed": [],
                    "provider": "provider.template"
                }
            },
            "depends_on": []
        },
        {
            "path": [
                "root",
                "dcos-bootstrap"
            ],
            "outputs": {
                "script": {
                    "sensitive": false,
                    "type": "string",
                    "value": "#!/bin/sh\n\nmkdir -p genconf\ncat \u003c\u003c 'EOF' | sed '/^$/d' | tee genconf/config.yaml\n---\n# Auto-generated by Terraform Templates\n# Created on date: 2018-07-27T14:48:40Z\nbootstrap_url: http://10.0.0.51:80\ncluster_name: gl-poc\n\nresolvers: \n - 169.254.169.253\n\nmaster_discovery: master_http_loadbalancer\n\n\n\n\n\n\n\n\n\n\n\n\n\nexhibitor_storage_backend: aws_s3\n\n\n\naws_region: us-west-1\n\nexhibitor_explicit_keys: false\ns3_bucket: gl-poc-tea-tf07e7-bucket\ns3_prefix: gl-poc-tea-tf07e7-bucket\n\n\n\nmaster_external_loadbalancer: gl-poc-tea-tf07e7-pub-mas-elb-2022525293.us-west-1.elb.amazonaws.com\nnum_masters: 1\nexhibitor_address: internal-gl-poc-tea-tf07e7-int-master-elb-2083882448.us-west-1.elb.amazonaws.com\n\n\n\n\n\n\n\n\n\n\n\n\n\n\n\n\n\n\n\n\n\n\n\n\n\n\n\n\n\n\n\n\n\n\n\n\n\n\nip_detect_public_contents: \"'#!/bin/sh\\n\\n  set -o nounset -o errexit\\n\\n\\n  curl -fsSL http://169.254.169.254/latest/meta-data/public-ipv4\\n\\n   '\\n\"\n\n\n\n\n\n\n\n\n\n\n\n\n\n\n\n\n\n\nEOF\ncurl -o dcos_generate_config.1.11.2.sh https://downloads.dcos.io/dcos/stable/1.11.2/dcos_generate_config.sh\ncp /tmp/ip-detect genconf/. \u0026\u003e /dev/null; if [[ $? -ne 0 ]]; then echo \"skipping absent /tmp/ip-detect file\"; else echo \"copied file /tmp/ip-detect to ~/genconf\"; fi\ncp /tmp/ip-detect-public genconf/. \u0026\u003e /dev/null; if [[ $? -ne 0 ]]; then echo \"skipping absent /tmp/ip-detect-public file\"; else echo \"copied file /tmp/ip-detect-public to ~/genconf\"; fi\ncp /tmp/fault-domain-detect genconf/. \u0026\u003e /dev/null; if [[ $? -ne 0 ]]; then echo \"skipping absent /tmp/fault-domain-detect file\"; else echo \"copied file /tmp/fault-domain-detect to ~/genconf\"; fi\ncp /tmp/license.txt genconf/. \u0026\u003e /dev/null; if [[ $? -ne 0 ]]; then echo \"skipping absent /tmp/license.txt file\"; else echo \"copied file /tmp/license.txt to ~/genconf\"; fi\nbash dcos_generate_config.1.11.2.sh || exit 1\ndocker rm -f $(docker ps -a -q -f ancestor=nginx) \u0026\u003e /dev/null; if [[ $? -eq 0 ]]; then echo \"reloaded nginx...\"; fi\ndocker run -d -p 80:80 -v $PWD/genconf/serve:/usr/share/nginx/html:ro nginx\n"
                }
            },
            "resources": {
                "data.template_file.script": {
                    "type": "template_file",
                    "depends_on": [
                        "local.dcos_generate_config_path"
                    ],
                    "primary": {
                        "id": "d1cb0f368a8b4df1d0058dc31f36c6073f8834d491ed24f0aa832b8febb62eee",
                        "attributes": {
                            "id": "d1cb0f368a8b4df1d0058dc31f36c6073f8834d491ed24f0aa832b8febb62eee",
                            "rendered": "#!/bin/sh\n\nmkdir -p genconf\ncat \u003c\u003c 'EOF' | sed '/^$/d' | tee genconf/config.yaml\n---\n# Auto-generated by Terraform Templates\n# Created on date: 2018-07-27T14:48:40Z\nbootstrap_url: http://10.0.0.51:80\ncluster_name: gl-poc\n\nresolvers: \n - 169.254.169.253\n\nmaster_discovery: master_http_loadbalancer\n\n\n\n\n\n\n\n\n\n\n\n\n\nexhibitor_storage_backend: aws_s3\n\n\n\naws_region: us-west-1\n\nexhibitor_explicit_keys: false\ns3_bucket: gl-poc-tea-tf07e7-bucket\ns3_prefix: gl-poc-tea-tf07e7-bucket\n\n\n\nmaster_external_loadbalancer: gl-poc-tea-tf07e7-pub-mas-elb-2022525293.us-west-1.elb.amazonaws.com\nnum_masters: 1\nexhibitor_address: internal-gl-poc-tea-tf07e7-int-master-elb-2083882448.us-west-1.elb.amazonaws.com\n\n\n\n\n\n\n\n\n\n\n\n\n\n\n\n\n\n\n\n\n\n\n\n\n\n\n\n\n\n\n\n\n\n\n\n\n\n\nip_detect_public_contents: \"'#!/bin/sh\\n\\n  set -o nounset -o errexit\\n\\n\\n  curl -fsSL http://169.254.169.254/latest/meta-data/public-ipv4\\n\\n   '\\n\"\n\n\n\n\n\n\n\n\n\n\n\n\n\n\n\n\n\n\nEOF\ncurl -o dcos_generate_config.1.11.2.sh https://downloads.dcos.io/dcos/stable/1.11.2/dcos_generate_config.sh\ncp /tmp/ip-detect genconf/. \u0026\u003e /dev/null; if [[ $? -ne 0 ]]; then echo \"skipping absent /tmp/ip-detect file\"; else echo \"copied file /tmp/ip-detect to ~/genconf\"; fi\ncp /tmp/ip-detect-public genconf/. \u0026\u003e /dev/null; if [[ $? -ne 0 ]]; then echo \"skipping absent /tmp/ip-detect-public file\"; else echo \"copied file /tmp/ip-detect-public to ~/genconf\"; fi\ncp /tmp/fault-domain-detect genconf/. \u0026\u003e /dev/null; if [[ $? -ne 0 ]]; then echo \"skipping absent /tmp/fault-domain-detect file\"; else echo \"copied file /tmp/fault-domain-detect to ~/genconf\"; fi\ncp /tmp/license.txt genconf/. \u0026\u003e /dev/null; if [[ $? -ne 0 ]]; then echo \"skipping absent /tmp/license.txt file\"; else echo \"copied file /tmp/license.txt to ~/genconf\"; fi\nbash dcos_generate_config.1.11.2.sh || exit 1\ndocker rm -f $(docker ps -a -q -f ancestor=nginx) \u0026\u003e /dev/null; if [[ $? -eq 0 ]]; then echo \"reloaded nginx...\"; fi\ndocker run -d -p 80:80 -v $PWD/genconf/serve:/usr/share/nginx/html:ro nginx\n",
                            "template": "#!/bin/sh\n\nmkdir -p genconf\ncat \u003c\u003c 'EOF' | sed '/^$/d' | tee genconf/config.yaml\n---\n# Auto-generated by Terraform Templates\n# Created on date: ${timestamp()}\n${bootstrap_private_ip == \"\" ? \"\" : \"bootstrap_url: http://${bootstrap_private_ip}:${dcos_bootstrap_port}\"}\n${dcos_cluster_name == \"\" ? \"\" : \"cluster_name: ${dcos_cluster_name}\"}\n${dcos_security== \"\" ? \"\" : \"security: ${dcos_security}\"}\n${dcos_resolvers== \"\" ? \"\" : \"resolvers: ${dcos_resolvers}\"}\n${dcos_oauth_enabled== \"\" ? \"\" : \"oauth_enabled: ${dcos_oauth_enabled}\"}\n${dcos_master_discovery== \"\" ? \"\" : \"master_discovery: ${dcos_master_discovery}\"}\n${dcos_aws_template_storage_bucket== \"\" ? \"\" : \"aws_template_storage_bucket: ${dcos_aws_template_storage_bucket}\"}\n${dcos_aws_template_storage_bucket_path== \"\" ? \"\" : \"aws_template_storage_bucket_path: ${dcos_aws_template_storage_bucket_path}\"}\n${dcos_aws_template_storage_region_name== \"\" ? \"\" : \"aws_template_storage_region_name: ${dcos_aws_template_storage_region_name}\"}\n${dcos_aws_template_upload== \"\" ? \"\" : \"aws_template_upload: ${dcos_aws_template_upload}\"}\n${dcos_aws_template_storage_access_key_id== \"\" ? \"\" : \"aws_template_storage_access_key_id: ${dcos_aws_template_storage_access_key_id}\"}\n${dcos_aws_template_storage_secret_access_key== \"\" ? \"\" : \"aws_template_storage_secret_access_key: ${dcos_aws_template_storage_secret_access_key}\"}\n${dcos_adminrouter_tls_1_0_enabled== \"\" ? \"\" : \"adminrouter_tls_1_0_enabled: ${dcos_adminrouter_tls_1_0_enabled}\"}\n${dcos_adminrouter_tls_1_1_enabled== \"\" ? \"\" : \"adminrouter_tls_1_1_enabled: ${dcos_adminrouter_tls_1_1_enabled}\"}\n${dcos_adminrouter_tls_1_2_enabled== \"\" ? \"\" : \"adminrouter_tls_1_2_enabled: ${dcos_adminrouter_tls_1_2_enabled}\"}\n${dcos_adminrouter_tls_cipher_suite== \"\" ? \"\" : \"adminrouter_tls_cipher_suite: ${dcos_adminrouter_tls_cipher_suite}\"}\n${dcos_ca_certificate_path== \"\" ? \"\" : \"ca_certificate_path: ${dcos_ca_certificate_path}\"}\n${dcos_ca_certificate_key_path== \"\" ? \"\" : \"ca_certificate_key_path: ${dcos_ca_certificate_key_path}\"}\n${dcos_ca_certificate_chain_path== \"\" ? \"\" : \"ca_certificate_chain_path: ${dcos_ca_certificate_chain_path}\"}\n${dcos_exhibitor_storage_backend== \"\" ? \"\" : \"exhibitor_storage_backend: ${dcos_exhibitor_storage_backend}\"}\n${dcos_exhibitor_storage_backend == \"zookeeper\" ? dcos_exhibitor_zk_hosts== \"\" ? \"\" : \"exhibitor_zk_hosts: ${dcos_exhibitor_zk_hosts}\" : \"\"}\n${dcos_exhibitor_storage_backend == \"zookeeper\" ? dcos_exhibitor_zk_path== \"\" ? \"\" : \"exhibitor_zk_path: ${dcos_exhibitor_zk_path}\" : \"\"}\n${dcos_exhibitor_storage_backend == \"aws_s3\" ? dcos_aws_access_key_id== \"\" ? \"\" : \"aws_access_key_id: ${dcos_aws_access_key_id}\" : \"\"}\n${dcos_exhibitor_storage_backend == \"aws_s3\" ? dcos_aws_region== \"\" ? \"\" : \"aws_region: ${dcos_aws_region}\" : \"\"}\n${dcos_exhibitor_storage_backend == \"aws_s3\" ? dcos_aws_secret_access_key== \"\" ? \"\" : \"aws_secret_access_key: ${dcos_aws_secret_access_key}\" : \"\"}\n${dcos_exhibitor_storage_backend == \"aws_s3\" ? dcos_exhibitor_explicit_keys== \"\" ? \"\" : \"exhibitor_explicit_keys: ${dcos_exhibitor_explicit_keys}\" :\"\"}\n${dcos_exhibitor_storage_backend == \"aws_s3\" ? dcos_s3_bucket== \"\" ? \"\" : \"s3_bucket: ${dcos_s3_bucket}\" : \"\"}\n${dcos_exhibitor_storage_backend == \"aws_s3\" ? dcos_s3_prefix== \"\" ? \"\" : \"s3_prefix: ${dcos_s3_prefix}\" : \"\"}\n${dcos_exhibitor_storage_backend == \"azure\" ? dcos_exhibitor_azure_account_name== \"\" ? \"\" : \"exhibitor_azure_account_name: ${dcos_exhibitor_azure_account_name}\" : \"\"}\n${dcos_exhibitor_storage_backend == \"azure\" ? dcos_exhibitor_azure_account_key== \"\" ? \"\" : \"exhibitor_azure_account_key: ${dcos_exhibitor_azure_account_key}\" : \"\"}\n${dcos_exhibitor_storage_backend == \"azure\" ? dcos_exhibitor_azure_prefix== \"\" ? \"\" : \"exhibitor_azure_prefix: ${dcos_exhibitor_azure_prefix}\" : \"\"}\n${dcos_master_external_loadbalancer == \"\" ? \"\" : \"master_external_loadbalancer: ${dcos_master_external_loadbalancer}\"}\n${dcos_master_discovery == \"master_http_loadbalancer\" ? dcos_num_masters == \"\" ? \"\" : \"num_masters: ${dcos_num_masters}\" : \"\"}\n${dcos_master_discovery == \"master_http_loadbalancer\" ? dcos_exhibitor_address== \"\" ? \"\" : \"exhibitor_address: ${dcos_exhibitor_address}\" : \"\"}\n${dcos_master_discovery == \"static\" ? dcos_master_list== \"\" ? \"\" : \"master_list: ${dcos_master_list}\" : \"\"}\n${dcos_customer_key== \"\" ? \"\" : \"customer_key: ${dcos_customer_key}\"}\n${dcos_custom_checks== \"\" ? \"\" : \"custom_checks: ${dcos_custom_checks}\"}\n${dcos_dns_bind_ip_blacklist== \"\" ? \"\" : \"dns_bind_ip_blacklist: ${dcos_dns_bind_ip_blacklist}\"}\n${dcos_l4lb_enable_ipv6== \"\" ? \"\" : \"dcos_l4lb_enable_ipv6: ${dcos_l4lb_enable_ipv6}\"}\n${dcos_ucr_default_bridge_subnet== \"\" ? \"\" : \"dcos_ucr_default_bridge_subnet: ${dcos_ucr_default_bridge_subnet}\"}\n${dcos_enable_gpu_isolation== \"\" ? \"\" : \"enable_gpu_isolation: ${dcos_enable_gpu_isolation}\"}\n${dcos_gpus_are_scarce== \"\" ? \"\" : \"gpus_are_scarce: ${dcos_gpus_are_scarce}\"}\n${dcos_rexray_config_method== \"\" ? \"\" : \"rexray_config_method: ${dcos_rexray_config_method}\"}\n${dcos_rexray_config_filename== \"\" ? \"\" : \"rexray_config_filename: ${dcos_rexray_config_filename}\"}\n${dcos_auth_cookie_secure_flag== \"\" ? \"\" : \"auth_cookie_secure_flag: ${dcos_auth_cookie_secure_flag}\"}\n${dcos_bouncer_expiration_auth_token_days== \"\" ? \"\" : \"bouncer_expiration_auth_token_days: ${dcos_bouncer_expiration_auth_token_days}\"}\n${dcos_superuser_password_hash== \"\" ? \"\" : \"superuser_password_hash: ${dcos_superuser_password_hash}\"}\n${dcos_superuser_username== \"\" ? \"\" : \"superuser_username: ${dcos_superuser_username}\"}\n${dcos_telemetry_enabled== \"\" ? \"\" : \"telemetry_enabled: ${dcos_telemetry_enabled}\"}\n${dcos_zk_super_credentials== \"\" ? \"\" : \"zk_super_credentials: ${dcos_zk_super_credentials}\"}\n${dcos_zk_master_credentials== \"\" ? \"\" : \"zk_master_credentials: ${dcos_zk_master_credentials}\"}\n${dcos_zk_agent_credentials== \"\" ? \"\" : \"zk_agent_credentials: ${dcos_zk_agent_credentials}\"}\n${dcos_overlay_enable== \"\" ? \"\" : \"dcos_overlay_enable: ${dcos_overlay_enable}\"}\n${dcos_overlay_config_attempts== \"\" ? \"\" : \"dcos_overlay_config_attempts: ${dcos_overlay_config_attempts}\"}\n${dcos_overlay_mtu== \"\" ? \"\" : \"dcos_overlay_mtu: ${dcos_overlay_mtu}\"}\n${dcos_overlay_network== \"\" ? \"\" : \"dcos_overlay_network: ${dcos_overlay_network}\"}\n${dcos_dns_search== \"\" ? \"\" : \"dns_search: ${dcos_dns_search}\"}\n${dcos_dns_forward_zones== \"\" ? \"\" : \"dns_forward_zones: ${dcos_dns_forward_zones}\"}\n${dcos_master_dns_bindall== \"\" ? \"\" : \"master_dns_bindall: ${dcos_master_dns_bindall}\"}\n${dcos_mesos_max_completed_tasks_per_framework== \"\" ? \"\" : \"mesos_max_completed_tasks_per_framework: ${dcos_mesos_max_completed_tasks_per_framework}\"}\n${dcos_mesos_container_log_sink== \"\" ? \"\" : \"mesos_container_log_sink: ${dcos_mesos_container_log_sink}\"}\n${dcos_mesos_dns_set_truncate_bit== \"\" ? \"\" : \"mesos_dns_set_truncate_bit: ${dcos_mesos_dns_set_truncate_bit}\"}\n${dcos_master_dns_bindall== \"\" ? \"\" : \"master_dns_bindall: ${dcos_master_dns_bindall}\"}\n${dcos_license_key_contents== \"\" ? \"\" : \"license_key_contents: ${dcos_license_key_contents}\"}\n${dcos_fault_domain_detect_contents== \"\" ? \"\" : \"fault_domain_detect_contents: ${dcos_fault_domain_detect_contents}\"}\n${dcos_fault_domain_enabled== \"\" ? \"\" : \"fault_domain_enabled: ${dcos_fault_domain_enabled}\"}\n${dcos_use_proxy== \"\" ? \"\" : \"use_proxy: ${dcos_use_proxy}\"}\n${dcos_http_proxy== \"\" ? \"\" : \"http_proxy: ${dcos_http_proxy}\"}\n${dcos_https_proxy== \"\" ? \"\" : \"https_proxy: ${dcos_https_proxy}\"}\n${dcos_no_proxy== \"\" ? \"\" : \"no_proxy: ${dcos_no_proxy}\"}\n${dcos_check_time== \"\" ? \"\" : \"check_time: ${dcos_check_time}\"}\n${dcos_ip_detect_contents== \"\" ? \"\" : \"ip_detect_contents: ${dcos_ip_detect_contents}\"}\n${dcos_ip_detect_public_contents== \"\" ? \"\" : \"ip_detect_public_contents: ${dcos_ip_detect_public_contents}\"}\n${dcos_ip_detect_public_filename== \"\" ? \"\" : \"ip_detect_public_filename: ${dcos_ip_detect_public_filename}\"}\n${dcos_docker_remove_delay== \"\" ? \"\" : \"docker_remove_delay: ${dcos_docker_remove_delay}\"}\n${dcos_enable_docker_gc== \"\" ? \"\" : \"enable_docker_gc: ${dcos_enable_docker_gc}\"}\n${dcos_audit_logging== \"\" ? \"\" : \"audit_logging: ${dcos_audit_logging}\"}\n${dcos_gc_delay== \"\" ? \"\" : \"gc_delay: ${dcos_gc_delay}\"}\n${dcos_log_directory== \"\" ? \"\" : \"log_directory: ${dcos_log_directory}\"}\n${dcos_process_timeout== \"\" ? \"\" : \"process_timeout: ${dcos_process_timeout}\"}\n${dcos_cluster_docker_credentials== \"\" ? \"\" : \"cluster_docker_credentials: ${dcos_cluster_docker_credentials}\"}\n${dcos_cluster_docker_credentials_dcos_owned== \"\" ? \"\" : \"cluster_docker_credentials_dcos_owned: ${dcos_cluster_docker_credentials_dcos_owned}\"}\n${dcos_cluster_docker_credentials_write_to_etc== \"\" ? \"\" : \"cluster_docker_credentials_write_to_etc: ${dcos_cluster_docker_credentials_write_to_etc}\"}\n${dcos_cluster_docker_credentials_enabled== \"\" ? \"\" : \"cluster_docker_credentials_enabled: ${dcos_cluster_docker_credentials_enabled}\"}\n${dcos_cluster_docker_registry_url == \"\" ? \"\" : \"cluster_docker_registry_url: ${dcos_cluster_docker_registry_url}\"}\n${dcos_cluster_docker_registry_enabled == \"\" ? \"\" : \"cluster_docker_registry_enabled: ${dcos_cluster_docker_registry_enabled}\"}\n${dcos_rexray_config == \"\" ? \"\" : \"rexray_config: ${dcos_rexray_config}\"}\n${dcos_staged_package_storage_uri == \"\" ? \"\" : dcos_package_storage_uri == \"\" ? \"\" : \"cosmos_config:\"}\n${dcos_staged_package_storage_uri == \"\" ? \"\" : \"  staged_package_storage_uri: ${dcos_staged_package_storage_uri}\"}\n${dcos_package_storage_uri == \"\" ? \"\" : \"  package_storage_uri: ${dcos_package_storage_uri}\"}\n${dcos_config== \"\" ? \"\" : \"${dcos_config}\"}\nEOF\ncurl -o dcos_generate_config.${dcos_version}.sh ${dcos_download_path}\ncp /tmp/ip-detect genconf/. \u0026\u003e /dev/null; if [[ $? -ne 0 ]]; then echo \"skipping absent /tmp/ip-detect file\"; else echo \"copied file /tmp/ip-detect to ~/genconf\"; fi\ncp /tmp/ip-detect-public genconf/. \u0026\u003e /dev/null; if [[ $? -ne 0 ]]; then echo \"skipping absent /tmp/ip-detect-public file\"; else echo \"copied file /tmp/ip-detect-public to ~/genconf\"; fi\ncp /tmp/fault-domain-detect genconf/. \u0026\u003e /dev/null; if [[ $? -ne 0 ]]; then echo \"skipping absent /tmp/fault-domain-detect file\"; else echo \"copied file /tmp/fault-domain-detect to ~/genconf\"; fi\ncp /tmp/license.txt genconf/. \u0026\u003e /dev/null; if [[ $? -ne 0 ]]; then echo \"skipping absent /tmp/license.txt file\"; else echo \"copied file /tmp/license.txt to ~/genconf\"; fi\nbash dcos_generate_config.${dcos_version}.sh || exit 1\ndocker rm -f $(docker ps -a -q -f ancestor=nginx) \u0026\u003e /dev/null; if [[ $? -eq 0 ]]; then echo \"reloaded nginx...\"; fi\ndocker run -d -p ${dcos_bootstrap_port}:80 -v $PWD/genconf/serve:/usr/share/nginx/html:ro nginx\n",
                            "vars.%": "98",
                            "vars.bootstrap_private_ip": "10.0.0.51",
                            "vars.dcos_adminrouter_tls_1_0_enabled": "",
                            "vars.dcos_adminrouter_tls_1_1_enabled": "",
                            "vars.dcos_adminrouter_tls_1_2_enabled": "",
                            "vars.dcos_adminrouter_tls_cipher_suite": "",
                            "vars.dcos_agent_list": "\n - 10.0.7.188\n - 10.0.7.138\n - 10.0.5.194",
                            "vars.dcos_audit_logging": "",
                            "vars.dcos_auth_cookie_secure_flag": "",
                            "vars.dcos_aws_access_key_id": "",
                            "vars.dcos_aws_region": "us-west-1",
                            "vars.dcos_aws_secret_access_key": "",
                            "vars.dcos_aws_template_storage_access_key_id": "",
                            "vars.dcos_aws_template_storage_bucket": "",
                            "vars.dcos_aws_template_storage_bucket_path": "",
                            "vars.dcos_aws_template_storage_region_name": "",
                            "vars.dcos_aws_template_storage_secret_access_key": "",
                            "vars.dcos_aws_template_upload": "",
                            "vars.dcos_bootstrap_port": "80",
                            "vars.dcos_bouncer_expiration_auth_token_days": "",
                            "vars.dcos_ca_certificate_chain_path": "",
                            "vars.dcos_ca_certificate_key_path": "",
                            "vars.dcos_ca_certificate_path": "",
                            "vars.dcos_check_time": "",
                            "vars.dcos_cluster_docker_credentials": "",
                            "vars.dcos_cluster_docker_credentials_dcos_owned": "",
                            "vars.dcos_cluster_docker_credentials_enabled": "",
                            "vars.dcos_cluster_docker_credentials_write_to_etc": "",
                            "vars.dcos_cluster_docker_registry_enabled": "",
                            "vars.dcos_cluster_docker_registry_url": "",
                            "vars.dcos_cluster_name": "gl-poc",
                            "vars.dcos_config": "",
                            "vars.dcos_custom_checks": "",
                            "vars.dcos_customer_key": "",
                            "vars.dcos_dns_bind_ip_blacklist": "",
                            "vars.dcos_dns_forward_zones": "",
                            "vars.dcos_dns_search": "",
                            "vars.dcos_docker_remove_delay": "",
                            "vars.dcos_download_path": "https://downloads.dcos.io/dcos/stable/1.11.2/dcos_generate_config.sh",
                            "vars.dcos_enable_docker_gc": "",
                            "vars.dcos_enable_gpu_isolation": "",
                            "vars.dcos_exhibitor_address": "internal-gl-poc-tea-tf07e7-int-master-elb-2083882448.us-west-1.elb.amazonaws.com",
                            "vars.dcos_exhibitor_azure_account_key": "",
                            "vars.dcos_exhibitor_azure_account_name": "",
                            "vars.dcos_exhibitor_azure_prefix": "",
                            "vars.dcos_exhibitor_explicit_keys": "false",
                            "vars.dcos_exhibitor_storage_backend": "aws_s3",
                            "vars.dcos_exhibitor_zk_hosts": "",
                            "vars.dcos_exhibitor_zk_path": "",
                            "vars.dcos_fault_domain_detect_contents": "",
                            "vars.dcos_fault_domain_enabled": "",
                            "vars.dcos_gc_delay": "",
                            "vars.dcos_gpus_are_scarce": "",
                            "vars.dcos_http_proxy": "",
                            "vars.dcos_https_proxy": "",
                            "vars.dcos_ip_detect_contents": "",
                            "vars.dcos_ip_detect_public_contents": "\"'#!/bin/sh\\n\\n  set -o nounset -o errexit\\n\\n\\n  curl -fsSL http://169.254.169.254/latest/meta-data/public-ipv4\\n\\n   '\\n\"",
                            "vars.dcos_ip_detect_public_filename": "",
                            "vars.dcos_l4lb_enable_ipv6": "",
                            "vars.dcos_license_key_contents": "",
                            "vars.dcos_log_directory": "",
                            "vars.dcos_master_discovery": "master_http_loadbalancer",
                            "vars.dcos_master_dns_bindall": "",
                            "vars.dcos_master_external_loadbalancer": "gl-poc-tea-tf07e7-pub-mas-elb-2022525293.us-west-1.elb.amazonaws.com",
                            "vars.dcos_master_list": "\n - 10.0.0.178",
                            "vars.dcos_mesos_container_log_sink": "",
                            "vars.dcos_mesos_dns_set_truncate_bit": "",
                            "vars.dcos_mesos_max_completed_tasks_per_framework": "",
                            "vars.dcos_no_proxy": "",
                            "vars.dcos_num_masters": "1",
                            "vars.dcos_oauth_enabled": "",
                            "vars.dcos_overlay_config_attempts": "",
                            "vars.dcos_overlay_enable": "",
                            "vars.dcos_overlay_mtu": "",
                            "vars.dcos_overlay_network": "",
                            "vars.dcos_package_storage_uri": "",
                            "vars.dcos_previous_version": "",
                            "vars.dcos_previous_version_master_index": "0",
                            "vars.dcos_process_timeout": "",
                            "vars.dcos_public_agent_list": "\n - 10.0.0.150",
                            "vars.dcos_resolvers": "\n - 169.254.169.253",
                            "vars.dcos_rexray_config": "",
                            "vars.dcos_rexray_config_filename": "",
                            "vars.dcos_rexray_config_method": "",
                            "vars.dcos_s3_bucket": "gl-poc-tea-tf07e7-bucket",
                            "vars.dcos_s3_prefix": "gl-poc-tea-tf07e7-bucket",
                            "vars.dcos_security": "",
                            "vars.dcos_skip_checks": "true",
                            "vars.dcos_staged_package_storage_uri": "",
                            "vars.dcos_superuser_password_hash": "",
                            "vars.dcos_superuser_username": "",
                            "vars.dcos_telemetry_enabled": "",
                            "vars.dcos_type": "open",
                            "vars.dcos_ucr_default_bridge_subnet": "",
                            "vars.dcos_use_proxy": "",
                            "vars.dcos_version": "1.11.2",
                            "vars.dcos_zk_agent_credentials": "",
                            "vars.dcos_zk_master_credentials": "",
                            "vars.dcos_zk_super_credentials": ""
                        },
                        "meta": {},
                        "tainted": false
                    },
                    "deposed": [],
                    "provider": "provider.template"
                }
            },
            "depends_on": []
        },
        {
            "path": [
                "root",
                "dcos-mesos-agent"
            ],
            "outputs": {
                "script": {
                    "sensitive": false,
                    "type": "string",
                    "value": "#!/bin/sh\n\n# Install Agent Node\nmkdir /tmp/dcos \u0026\u0026 cd /tmp/dcos\n/usr/bin/curl -O 10.0.0.51:80/dcos_install.sh\nbash dcos_install.sh slave\n# Agent Node End\n\n"
                }
            },
            "resources": {
                "data.template_file.script": {
                    "type": "template_file",
                    "depends_on": [
                        "local.dcos_generate_config_path"
                    ],
                    "primary": {
                        "id": "737ca6223713cc34db69c181709362bae8233590eac2a698ff7760a6b860ab9b",
                        "attributes": {
                            "id": "737ca6223713cc34db69c181709362bae8233590eac2a698ff7760a6b860ab9b",
                            "rendered": "#!/bin/sh\n\n# Install Agent Node\nmkdir /tmp/dcos \u0026\u0026 cd /tmp/dcos\n/usr/bin/curl -O 10.0.0.51:80/dcos_install.sh\nbash dcos_install.sh slave\n# Agent Node End\n\n",
                            "template": "#!/bin/sh\n\n# Install Agent Node\nmkdir /tmp/dcos \u0026\u0026 cd /tmp/dcos\n/usr/bin/curl -O ${bootstrap_private_ip}:${dcos_bootstrap_port}/dcos_install.sh\nbash dcos_install.sh slave\n# Agent Node End\n\n",
                            "vars.%": "98",
                            "vars.bootstrap_private_ip": "10.0.0.51",
                            "vars.dcos_adminrouter_tls_1_0_enabled": "",
                            "vars.dcos_adminrouter_tls_1_1_enabled": "",
                            "vars.dcos_adminrouter_tls_1_2_enabled": "",
                            "vars.dcos_adminrouter_tls_cipher_suite": "",
                            "vars.dcos_agent_list": "",
                            "vars.dcos_audit_logging": "",
                            "vars.dcos_auth_cookie_secure_flag": "",
                            "vars.dcos_aws_access_key_id": "",
                            "vars.dcos_aws_region": "",
                            "vars.dcos_aws_secret_access_key": "",
                            "vars.dcos_aws_template_storage_access_key_id": "",
                            "vars.dcos_aws_template_storage_bucket": "",
                            "vars.dcos_aws_template_storage_bucket_path": "",
                            "vars.dcos_aws_template_storage_region_name": "",
                            "vars.dcos_aws_template_storage_secret_access_key": "",
                            "vars.dcos_aws_template_upload": "",
                            "vars.dcos_bootstrap_port": "80",
                            "vars.dcos_bouncer_expiration_auth_token_days": "",
                            "vars.dcos_ca_certificate_chain_path": "",
                            "vars.dcos_ca_certificate_key_path": "",
                            "vars.dcos_ca_certificate_path": "",
                            "vars.dcos_check_time": "",
                            "vars.dcos_cluster_docker_credentials": "",
                            "vars.dcos_cluster_docker_credentials_dcos_owned": "",
                            "vars.dcos_cluster_docker_credentials_enabled": "",
                            "vars.dcos_cluster_docker_credentials_write_to_etc": "",
                            "vars.dcos_cluster_docker_registry_enabled": "",
                            "vars.dcos_cluster_docker_registry_url": "",
                            "vars.dcos_cluster_name": "",
                            "vars.dcos_config": "",
                            "vars.dcos_custom_checks": "",
                            "vars.dcos_customer_key": "",
                            "vars.dcos_dns_bind_ip_blacklist": "",
                            "vars.dcos_dns_forward_zones": "",
                            "vars.dcos_dns_search": "",
                            "vars.dcos_docker_remove_delay": "",
                            "vars.dcos_download_path": "https://downloads.dcos.io/dcos/stable/1.11.2/dcos_generate_config.sh",
                            "vars.dcos_enable_docker_gc": "",
                            "vars.dcos_enable_gpu_isolation": "",
                            "vars.dcos_exhibitor_address": "",
                            "vars.dcos_exhibitor_azure_account_key": "",
                            "vars.dcos_exhibitor_azure_account_name": "",
                            "vars.dcos_exhibitor_azure_prefix": "",
                            "vars.dcos_exhibitor_explicit_keys": "",
                            "vars.dcos_exhibitor_storage_backend": "",
                            "vars.dcos_exhibitor_zk_hosts": "",
                            "vars.dcos_exhibitor_zk_path": "",
                            "vars.dcos_fault_domain_detect_contents": "",
                            "vars.dcos_fault_domain_enabled": "",
                            "vars.dcos_gc_delay": "",
                            "vars.dcos_gpus_are_scarce": "",
                            "vars.dcos_http_proxy": "",
                            "vars.dcos_https_proxy": "",
                            "vars.dcos_ip_detect_contents": "",
                            "vars.dcos_ip_detect_public_contents": "",
                            "vars.dcos_ip_detect_public_filename": "",
                            "vars.dcos_l4lb_enable_ipv6": "",
                            "vars.dcos_license_key_contents": "",
                            "vars.dcos_log_directory": "",
                            "vars.dcos_master_discovery": "",
                            "vars.dcos_master_dns_bindall": "",
                            "vars.dcos_master_external_loadbalancer": "",
                            "vars.dcos_master_list": "",
                            "vars.dcos_mesos_container_log_sink": "",
                            "vars.dcos_mesos_dns_set_truncate_bit": "",
                            "vars.dcos_mesos_max_completed_tasks_per_framework": "",
                            "vars.dcos_no_proxy": "",
                            "vars.dcos_num_masters": "",
                            "vars.dcos_oauth_enabled": "",
                            "vars.dcos_overlay_config_attempts": "",
                            "vars.dcos_overlay_enable": "",
                            "vars.dcos_overlay_mtu": "",
                            "vars.dcos_overlay_network": "",
                            "vars.dcos_package_storage_uri": "",
                            "vars.dcos_previous_version": "",
                            "vars.dcos_previous_version_master_index": "0",
                            "vars.dcos_process_timeout": "",
                            "vars.dcos_public_agent_list": "",
                            "vars.dcos_resolvers": "",
                            "vars.dcos_rexray_config": "",
                            "vars.dcos_rexray_config_filename": "",
                            "vars.dcos_rexray_config_method": "",
                            "vars.dcos_s3_bucket": "",
                            "vars.dcos_s3_prefix": "",
                            "vars.dcos_security": "",
                            "vars.dcos_skip_checks": "true",
                            "vars.dcos_staged_package_storage_uri": "",
                            "vars.dcos_superuser_password_hash": "",
                            "vars.dcos_superuser_username": "",
                            "vars.dcos_telemetry_enabled": "",
                            "vars.dcos_type": "open",
                            "vars.dcos_ucr_default_bridge_subnet": "",
                            "vars.dcos_use_proxy": "",
                            "vars.dcos_version": "1.11.2",
                            "vars.dcos_zk_agent_credentials": "",
                            "vars.dcos_zk_master_credentials": "",
                            "vars.dcos_zk_super_credentials": ""
                        },
                        "meta": {},
                        "tainted": false
                    },
                    "deposed": [],
                    "provider": "provider.template"
                }
            },
            "depends_on": []
        },
        {
            "path": [
                "root",
                "dcos-mesos-agent-public"
            ],
            "outputs": {
                "script": {
                    "sensitive": false,
                    "type": "string",
                    "value": "#!/bin/sh\n\n# Install Agent Node\nmkdir /tmp/dcos \u0026\u0026 cd /tmp/dcos\n/usr/bin/curl -O 10.0.0.51:80/dcos_install.sh\nbash dcos_install.sh slave_public\n# Agent Node End\n"
                }
            },
            "resources": {
                "data.template_file.script": {
                    "type": "template_file",
                    "depends_on": [
                        "local.dcos_generate_config_path"
                    ],
                    "primary": {
                        "id": "4c05de08d5efed6a68189a521f4383ab1d4a98f2c62ff403c058a14d2f1cbba1",
                        "attributes": {
                            "id": "4c05de08d5efed6a68189a521f4383ab1d4a98f2c62ff403c058a14d2f1cbba1",
                            "rendered": "#!/bin/sh\n\n# Install Agent Node\nmkdir /tmp/dcos \u0026\u0026 cd /tmp/dcos\n/usr/bin/curl -O 10.0.0.51:80/dcos_install.sh\nbash dcos_install.sh slave_public\n# Agent Node End\n",
                            "template": "#!/bin/sh\n\n# Install Agent Node\nmkdir /tmp/dcos \u0026\u0026 cd /tmp/dcos\n/usr/bin/curl -O ${bootstrap_private_ip}:${dcos_bootstrap_port}/dcos_install.sh\nbash dcos_install.sh slave_public\n# Agent Node End\n",
                            "vars.%": "98",
                            "vars.bootstrap_private_ip": "10.0.0.51",
                            "vars.dcos_adminrouter_tls_1_0_enabled": "",
                            "vars.dcos_adminrouter_tls_1_1_enabled": "",
                            "vars.dcos_adminrouter_tls_1_2_enabled": "",
                            "vars.dcos_adminrouter_tls_cipher_suite": "",
                            "vars.dcos_agent_list": "",
                            "vars.dcos_audit_logging": "",
                            "vars.dcos_auth_cookie_secure_flag": "",
                            "vars.dcos_aws_access_key_id": "",
                            "vars.dcos_aws_region": "",
                            "vars.dcos_aws_secret_access_key": "",
                            "vars.dcos_aws_template_storage_access_key_id": "",
                            "vars.dcos_aws_template_storage_bucket": "",
                            "vars.dcos_aws_template_storage_bucket_path": "",
                            "vars.dcos_aws_template_storage_region_name": "",
                            "vars.dcos_aws_template_storage_secret_access_key": "",
                            "vars.dcos_aws_template_upload": "",
                            "vars.dcos_bootstrap_port": "80",
                            "vars.dcos_bouncer_expiration_auth_token_days": "",
                            "vars.dcos_ca_certificate_chain_path": "",
                            "vars.dcos_ca_certificate_key_path": "",
                            "vars.dcos_ca_certificate_path": "",
                            "vars.dcos_check_time": "",
                            "vars.dcos_cluster_docker_credentials": "",
                            "vars.dcos_cluster_docker_credentials_dcos_owned": "",
                            "vars.dcos_cluster_docker_credentials_enabled": "",
                            "vars.dcos_cluster_docker_credentials_write_to_etc": "",
                            "vars.dcos_cluster_docker_registry_enabled": "",
                            "vars.dcos_cluster_docker_registry_url": "",
                            "vars.dcos_cluster_name": "",
                            "vars.dcos_config": "",
                            "vars.dcos_custom_checks": "",
                            "vars.dcos_customer_key": "",
                            "vars.dcos_dns_bind_ip_blacklist": "",
                            "vars.dcos_dns_forward_zones": "",
                            "vars.dcos_dns_search": "",
                            "vars.dcos_docker_remove_delay": "",
                            "vars.dcos_download_path": "https://downloads.dcos.io/dcos/stable/1.11.2/dcos_generate_config.sh",
                            "vars.dcos_enable_docker_gc": "",
                            "vars.dcos_enable_gpu_isolation": "",
                            "vars.dcos_exhibitor_address": "",
                            "vars.dcos_exhibitor_azure_account_key": "",
                            "vars.dcos_exhibitor_azure_account_name": "",
                            "vars.dcos_exhibitor_azure_prefix": "",
                            "vars.dcos_exhibitor_explicit_keys": "",
                            "vars.dcos_exhibitor_storage_backend": "",
                            "vars.dcos_exhibitor_zk_hosts": "",
                            "vars.dcos_exhibitor_zk_path": "",
                            "vars.dcos_fault_domain_detect_contents": "",
                            "vars.dcos_fault_domain_enabled": "",
                            "vars.dcos_gc_delay": "",
                            "vars.dcos_gpus_are_scarce": "",
                            "vars.dcos_http_proxy": "",
                            "vars.dcos_https_proxy": "",
                            "vars.dcos_ip_detect_contents": "",
                            "vars.dcos_ip_detect_public_contents": "",
                            "vars.dcos_ip_detect_public_filename": "",
                            "vars.dcos_l4lb_enable_ipv6": "",
                            "vars.dcos_license_key_contents": "",
                            "vars.dcos_log_directory": "",
                            "vars.dcos_master_discovery": "",
                            "vars.dcos_master_dns_bindall": "",
                            "vars.dcos_master_external_loadbalancer": "",
                            "vars.dcos_master_list": "",
                            "vars.dcos_mesos_container_log_sink": "",
                            "vars.dcos_mesos_dns_set_truncate_bit": "",
                            "vars.dcos_mesos_max_completed_tasks_per_framework": "",
                            "vars.dcos_no_proxy": "",
                            "vars.dcos_num_masters": "",
                            "vars.dcos_oauth_enabled": "",
                            "vars.dcos_overlay_config_attempts": "",
                            "vars.dcos_overlay_enable": "",
                            "vars.dcos_overlay_mtu": "",
                            "vars.dcos_overlay_network": "",
                            "vars.dcos_package_storage_uri": "",
                            "vars.dcos_previous_version": "",
                            "vars.dcos_previous_version_master_index": "0",
                            "vars.dcos_process_timeout": "",
                            "vars.dcos_public_agent_list": "",
                            "vars.dcos_resolvers": "",
                            "vars.dcos_rexray_config": "",
                            "vars.dcos_rexray_config_filename": "",
                            "vars.dcos_rexray_config_method": "",
                            "vars.dcos_s3_bucket": "",
                            "vars.dcos_s3_prefix": "",
                            "vars.dcos_security": "",
                            "vars.dcos_skip_checks": "true",
                            "vars.dcos_staged_package_storage_uri": "",
                            "vars.dcos_superuser_password_hash": "",
                            "vars.dcos_superuser_username": "",
                            "vars.dcos_telemetry_enabled": "",
                            "vars.dcos_type": "open",
                            "vars.dcos_ucr_default_bridge_subnet": "",
                            "vars.dcos_use_proxy": "",
                            "vars.dcos_version": "1.11.2",
                            "vars.dcos_zk_agent_credentials": "",
                            "vars.dcos_zk_master_credentials": "",
                            "vars.dcos_zk_super_credentials": ""
                        },
                        "meta": {},
                        "tainted": false
                    },
                    "deposed": [],
                    "provider": "provider.template"
                }
            },
            "depends_on": []
        },
        {
            "path": [
                "root",
                "dcos-mesos-master"
            ],
            "outputs": {
                "script": {
                    "sensitive": false,
                    "type": "string",
                    "value": "#!/bin/sh\n\n# Install Master Node\nmkdir /tmp/dcos \u0026\u0026 cd /tmp/dcos\n/usr/bin/curl -O 10.0.0.51:80/dcos_install.sh\nbash dcos_install.sh master\n# Master Node End\n"
                }
            },
            "resources": {
                "data.template_file.script": {
                    "type": "template_file",
                    "depends_on": [
                        "local.dcos_generate_config_path"
                    ],
                    "primary": {
                        "id": "2c2372c5c213917ad47fd1de37961a02ba459e8b6f2aa60607e10053cc1cc76c",
                        "attributes": {
                            "id": "2c2372c5c213917ad47fd1de37961a02ba459e8b6f2aa60607e10053cc1cc76c",
                            "rendered": "#!/bin/sh\n\n# Install Master Node\nmkdir /tmp/dcos \u0026\u0026 cd /tmp/dcos\n/usr/bin/curl -O 10.0.0.51:80/dcos_install.sh\nbash dcos_install.sh master\n# Master Node End\n",
                            "template": "#!/bin/sh\n\n# Install Master Node\nmkdir /tmp/dcos \u0026\u0026 cd /tmp/dcos\n/usr/bin/curl -O ${bootstrap_private_ip}:${dcos_bootstrap_port}/dcos_install.sh\nbash dcos_install.sh master\n# Master Node End\n",
                            "vars.%": "98",
                            "vars.bootstrap_private_ip": "10.0.0.51",
                            "vars.dcos_adminrouter_tls_1_0_enabled": "",
                            "vars.dcos_adminrouter_tls_1_1_enabled": "",
                            "vars.dcos_adminrouter_tls_1_2_enabled": "",
                            "vars.dcos_adminrouter_tls_cipher_suite": "",
                            "vars.dcos_agent_list": "",
                            "vars.dcos_audit_logging": "",
                            "vars.dcos_auth_cookie_secure_flag": "",
                            "vars.dcos_aws_access_key_id": "",
                            "vars.dcos_aws_region": "",
                            "vars.dcos_aws_secret_access_key": "",
                            "vars.dcos_aws_template_storage_access_key_id": "",
                            "vars.dcos_aws_template_storage_bucket": "",
                            "vars.dcos_aws_template_storage_bucket_path": "",
                            "vars.dcos_aws_template_storage_region_name": "",
                            "vars.dcos_aws_template_storage_secret_access_key": "",
                            "vars.dcos_aws_template_upload": "",
                            "vars.dcos_bootstrap_port": "80",
                            "vars.dcos_bouncer_expiration_auth_token_days": "",
                            "vars.dcos_ca_certificate_chain_path": "",
                            "vars.dcos_ca_certificate_key_path": "",
                            "vars.dcos_ca_certificate_path": "",
                            "vars.dcos_check_time": "",
                            "vars.dcos_cluster_docker_credentials": "",
                            "vars.dcos_cluster_docker_credentials_dcos_owned": "",
                            "vars.dcos_cluster_docker_credentials_enabled": "",
                            "vars.dcos_cluster_docker_credentials_write_to_etc": "",
                            "vars.dcos_cluster_docker_registry_enabled": "",
                            "vars.dcos_cluster_docker_registry_url": "",
                            "vars.dcos_cluster_name": "",
                            "vars.dcos_config": "",
                            "vars.dcos_custom_checks": "",
                            "vars.dcos_customer_key": "",
                            "vars.dcos_dns_bind_ip_blacklist": "",
                            "vars.dcos_dns_forward_zones": "",
                            "vars.dcos_dns_search": "",
                            "vars.dcos_docker_remove_delay": "",
                            "vars.dcos_download_path": "https://downloads.dcos.io/dcos/stable/1.11.2/dcos_generate_config.sh",
                            "vars.dcos_enable_docker_gc": "",
                            "vars.dcos_enable_gpu_isolation": "",
                            "vars.dcos_exhibitor_address": "",
                            "vars.dcos_exhibitor_azure_account_key": "",
                            "vars.dcos_exhibitor_azure_account_name": "",
                            "vars.dcos_exhibitor_azure_prefix": "",
                            "vars.dcos_exhibitor_explicit_keys": "",
                            "vars.dcos_exhibitor_storage_backend": "",
                            "vars.dcos_exhibitor_zk_hosts": "",
                            "vars.dcos_exhibitor_zk_path": "",
                            "vars.dcos_fault_domain_detect_contents": "",
                            "vars.dcos_fault_domain_enabled": "",
                            "vars.dcos_gc_delay": "",
                            "vars.dcos_gpus_are_scarce": "",
                            "vars.dcos_http_proxy": "",
                            "vars.dcos_https_proxy": "",
                            "vars.dcos_ip_detect_contents": "",
                            "vars.dcos_ip_detect_public_contents": "",
                            "vars.dcos_ip_detect_public_filename": "",
                            "vars.dcos_l4lb_enable_ipv6": "",
                            "vars.dcos_license_key_contents": "",
                            "vars.dcos_log_directory": "",
                            "vars.dcos_master_discovery": "",
                            "vars.dcos_master_dns_bindall": "",
                            "vars.dcos_master_external_loadbalancer": "",
                            "vars.dcos_master_list": "",
                            "vars.dcos_mesos_container_log_sink": "",
                            "vars.dcos_mesos_dns_set_truncate_bit": "",
                            "vars.dcos_mesos_max_completed_tasks_per_framework": "",
                            "vars.dcos_no_proxy": "",
                            "vars.dcos_num_masters": "",
                            "vars.dcos_oauth_enabled": "",
                            "vars.dcos_overlay_config_attempts": "",
                            "vars.dcos_overlay_enable": "",
                            "vars.dcos_overlay_mtu": "",
                            "vars.dcos_overlay_network": "",
                            "vars.dcos_package_storage_uri": "",
                            "vars.dcos_previous_version": "",
                            "vars.dcos_previous_version_master_index": "0",
                            "vars.dcos_process_timeout": "",
                            "vars.dcos_public_agent_list": "",
                            "vars.dcos_resolvers": "",
                            "vars.dcos_rexray_config": "",
                            "vars.dcos_rexray_config_filename": "",
                            "vars.dcos_rexray_config_method": "",
                            "vars.dcos_s3_bucket": "",
                            "vars.dcos_s3_prefix": "",
                            "vars.dcos_security": "",
                            "vars.dcos_skip_checks": "true",
                            "vars.dcos_staged_package_storage_uri": "",
                            "vars.dcos_superuser_password_hash": "",
                            "vars.dcos_superuser_username": "",
                            "vars.dcos_telemetry_enabled": "",
                            "vars.dcos_type": "open",
                            "vars.dcos_ucr_default_bridge_subnet": "",
                            "vars.dcos_use_proxy": "",
                            "vars.dcos_version": "1.11.2",
                            "vars.dcos_zk_agent_credentials": "",
                            "vars.dcos_zk_master_credentials": "",
                            "vars.dcos_zk_super_credentials": ""
                        },
                        "meta": {},
                        "tainted": false
                    },
                    "deposed": [],
                    "provider": "provider.template"
                }
            },
            "depends_on": []
        },
        {
            "path": [
                "root",
                "dcos-bootstrap",
                "ee-download-uri"
            ],
            "outputs": {
                "path": {
                    "sensitive": false,
                    "type": "string",
                    "value": "https://downloads.mesosphere.com/dcos-enterprise/stable/commit/ad1aa93db99afacfa0099e419667ab60519c081e/dcos_generate_config.ee.sh"
                }
            },
            "resources": {},
            "depends_on": []
        },
        {
            "path": [
                "root",
                "dcos-bootstrap",
                "open-download-uri"
            ],
            "outputs": {
                "path": {
                    "sensitive": false,
                    "type": "string",
                    "value": "https://downloads.dcos.io/dcos/stable/1.11.2/dcos_generate_config.sh"
                }
            },
            "resources": {},
            "depends_on": []
        },
        {
            "path": [
                "root",
                "dcos-mesos-agent-public",
                "ee-download-uri"
            ],
            "outputs": {
                "path": {
                    "sensitive": false,
                    "type": "string",
                    "value": "https://downloads.mesosphere.com/dcos-enterprise/stable/commit/ad1aa93db99afacfa0099e419667ab60519c081e/dcos_generate_config.ee.sh"
                }
            },
            "resources": {},
            "depends_on": []
        },
        {
            "path": [
                "root",
                "dcos-mesos-agent-public",
                "open-download-uri"
            ],
            "outputs": {
                "path": {
                    "sensitive": false,
                    "type": "string",
                    "value": "https://downloads.dcos.io/dcos/stable/1.11.2/dcos_generate_config.sh"
                }
            },
            "resources": {},
            "depends_on": []
        },
        {
            "path": [
                "root",
                "dcos-mesos-agent",
                "ee-download-uri"
            ],
            "outputs": {
                "path": {
                    "sensitive": false,
                    "type": "string",
                    "value": "https://downloads.mesosphere.com/dcos-enterprise/stable/commit/ad1aa93db99afacfa0099e419667ab60519c081e/dcos_generate_config.ee.sh"
                }
            },
            "resources": {},
            "depends_on": []
        },
        {
            "path": [
                "root",
                "dcos-mesos-agent",
                "open-download-uri"
            ],
            "outputs": {
                "path": {
                    "sensitive": false,
                    "type": "string",
                    "value": "https://downloads.dcos.io/dcos/stable/1.11.2/dcos_generate_config.sh"
                }
            },
            "resources": {},
            "depends_on": []
        },
        {
            "path": [
                "root",
                "dcos-mesos-master",
                "ee-download-uri"
            ],
            "outputs": {
                "path": {
                    "sensitive": false,
                    "type": "string",
                    "value": "https://downloads.mesosphere.com/dcos-enterprise/stable/commit/ad1aa93db99afacfa0099e419667ab60519c081e/dcos_generate_config.ee.sh"
                }
            },
            "resources": {},
            "depends_on": []
        },
        {
            "path": [
                "root",
                "dcos-mesos-master",
                "open-download-uri"
            ],
            "outputs": {
                "path": {
                    "sensitive": false,
                    "type": "string",
                    "value": "https://downloads.dcos.io/dcos/stable/1.11.2/dcos_generate_config.sh"
                }
            },
            "resources": {},
            "depends_on": []
        }
    ]
}
